# This file is automatically @generated by Poetry 2.3.4 and should not be changed by hand.

[[package]]
name = "asgiref"
version = "3.11.1"
description = "ASGI specs, helper code, and adapters"
optional = false
python-versions = ">=3.9"
groups = ["main"]
files = [
    {file = "asgiref-3.11.1-py3-none-any.whl", hash = "sha256:e8667a091e69529631969fd45dc268fa79b99c92c5fcdda727757e52146ec133"},
    {file = "asgiref-3.11.1.tar.gz", hash = "sha256:5f184dc43b7e763efe848065441eac62229c9f7b0475f41f80e207a114eda4ce"},
]

[package.extras]
tests = ["mypy (>=1.14.0)", "pytest", "pytest-asyncio"]

[[package]]
name = "click"
version = "8.3.3"
description = "Composable command line interface toolkit"
optional = false
python-versions = ">=3.10"
groups = ["main"]
files = [
    {file = "click-8.3.3-py3-none-any.whl", hash = "sha256:a2bf429bb3033c89fa4936ffb35d5cb471e3719e1f3c8a7c3fff0b8314305613"},
    {file = "click-8.3.3.tar.gz", hash = "sha256:398329ad4837b2ff7cbe1dd166a4c0f8900c3ca3a218de04466f38f6497f18a2"},
]

[package.dependencies]
colorama = {version = "*", markers = "platform_system == \"Windows\""}

[[package]]
name = "colorama"
version = "0.4.6"
description = "Cross-platform colored terminal text."
optional = false
python-versions = "!=3.0.*,!=3.1.*,!=3.2.*,!=3.3.*,!=3.4.*,!=3.5.*,!=3.6.*,>=2.7"
groups = ["main"]
files = [
    {file = "colorama-0.4.6-py2.py3-none-any.whl", hash = "sha256:4f1d9991f5acc0ca119f9d443620b77f9d6b33703e51011c16baf57afb285fc6"},
    {file = "colorama-0.4.6.tar.gz", hash = "sha256:08695f5cb7ed6e0531a20572697297273c47b8cae5a63ffc6d6ed5c201be6e44"},
]

[[package]]
name = "cssbeautifier"
version = "1.15.4"
description = "CSS unobfuscator and beautifier."
optional = false
python-versions = "*"
groups = ["main"]
files = [
    {file = "cssbeautifier-1.15.4-py3-none-any.whl", hash = "sha256:78c84d5e5378df7d08622bbd0477a1abdbd209680e95480bf22f12d5701efc98"},
    {file = "cssbeautifier-1.15.4.tar.gz", hash = "sha256:9bb08dc3f64c101a01677f128acf01905914cf406baf87434dcde05b74c0acf5"},
]

[package.dependencies]
editorconfig = ">=0.12.2"
jsbeautifier = "*"
six = ">=1.13.0"

[[package]]
name = "django"
version = "5.2.13"
description = "A high-level Python web framework that encourages rapid development and clean, pragmatic design."
optional = false
python-versions = ">=3.10"
groups = ["main"]
files = [
    {file = "django-5.2.13-py3-none-any.whl", hash = "sha256:5788fce61da23788a8ce6f02583765ab060d396720924789f97fa42119d37f7a"},
    {file = "django-5.2.13.tar.gz", hash = "sha256:a31589db5188d074c63f0945c3888fad104627dfcc236fb2b97f71f89da33bc4"},
]

[package.dependencies]
asgiref = ">=3.8.1"
sqlparse = ">=0.3.1"
tzdata = {version = "*", markers = "sys_platform == \"win32\""}

[package.extras]
argon2 = ["argon2-cffi (>=19.1.0)"]
bcrypt = ["bcrypt"]

[[package]]
name = "django-debug-toolbar"
version = "6.3.0"
description = "A configurable set of panels that display various debug information about the current request/response."
optional = false
python-versions = ">=3.10"
groups = ["main"]
files = [
    {file = "django_debug_toolbar-6.3.0-py3-none-any.whl", hash = "sha256:a199ce3d0f884739a9096835ad417479fede05f3b3c4824bc8b354721ba8f629"},
    {file = "django_debug_toolbar-6.3.0.tar.gz", hash = "sha256:f830a86fe02e17f625a22cfbed24a5bd1500762e201ec959c50efb0f9327282b"},
]

[package.dependencies]
django = ">=4.2.9"
sqlparse = ">=0.2"

[[package]]
name = "djlint"
version = "1.36.4"
description = "HTML Template Linter and Formatter"
optional = false
python-versions = ">=3.9"
groups = ["main"]
files = [
    {file = "djlint-1.36.4-cp310-cp310-macosx_10_9_x86_64.whl", hash = "sha256:a2dfb60883ceb92465201bfd392291a7597c6752baede6fbb6f1980cac8d6c5c"},
    {file = "djlint-1.36.4-cp310-cp310-macosx_11_0_arm64.whl", hash = "sha256:4bc6a1320c0030244b530ac200642f883d3daa451a115920ef3d56d08b644292"},
    {file = "djlint-1.36.4-cp310-cp310-manylinux_2_17_x86_64.manylinux2014_x86_64.manylinux_2_28_x86_64.whl", hash = "sha256:3164a048c7bb0baf042387b1e33f9bbbf99d90d1337bb4c3d66eb0f96f5400a1"},
    {file = "djlint-1.36.4-cp310-cp310-win_amd64.whl", hash = "sha256:3196d5277da5934962d67ad6c33a948ba77a7b6eadf064648bef6ee5f216b03c"},
    {file = "djlint-1.36.4-cp311-cp311-macosx_10_9_x86_64.whl", hash = "sha256:3d68da0ed10ee9ca1e32e225cbb8e9b98bf7e6f8b48a8e4836117b6605b88cc7"},
    {file = "djlint-1.36.4-cp311-cp311-macosx_11_0_arm64.whl", hash = "sha256:c0478d5392247f1e6ee29220bbdbf7fb4e1bc0e7e83d291fda6fb926c1787ba7"},
    {file = "djlint-1.36.4-cp311-cp311-manylinux_2_17_x86_64.manylinux2014_x86_64.manylinux_2_28_x86_64.whl", hash = "sha256:962f7b83aee166e499eff916d631c6dde7f1447d7610785a60ed2a75a5763483"},
    {file = "djlint-1.36.4-cp311-cp311-win_amd64.whl", hash = "sha256:53cbc450aa425c832f09bc453b8a94a039d147b096740df54a3547fada77ed08"},
    {file = "djlint-1.36.4-cp312-cp312-macosx_10_13_x86_64.whl", hash = "sha256:ff9faffd7d43ac20467493fa71d5355b5b330a00ade1c4d1e859022f4195223b"},
    {file = "djlint-1.36.4-cp312-cp312-macosx_11_0_arm64.whl", hash = "sha256:79489e262b5ac23a8dfb7ca37f1eea979674cfc2d2644f7061d95bea12c38f7e"},
    {file = "djlint-1.36.4-cp312-cp312-manylinux_2_17_x86_64.manylinux2014_x86_64.manylinux_2_28_x86_64.whl", hash = "sha256:e58c5fa8c6477144a0be0a87273706a059e6dd0d6efae01146ae8c29cdfca675"},
    {file = "djlint-1.36.4-cp312-cp312-win_amd64.whl", hash = "sha256:bb6903777bf3124f5efedcddf1f4716aef097a7ec4223fc0fa54b865829a6e08"},
    {file = "djlint-1.36.4-cp313-cp313-macosx_10_13_x86_64.whl", hash = "sha256:ead475013bcac46095b1bbc8cf97ed2f06e83422335734363f8a76b4ba7e47c2"},
    {file = "djlint-1.36.4-cp313-cp313-macosx_11_0_arm64.whl", hash = "sha256:6c601dfa68ea253311deb4a29a7362b7a64933bdfcfb5a06618f3e70ad1fa835"},
    {file = "djlint-1.36.4-cp313-cp313-manylinux_2_17_x86_64.manylinux2014_x86_64.manylinux_2_28_x86_64.whl", hash = "sha256:bda5014f295002363381969864addeb2db13955f1b26e772657c3b273ed7809f"},
    {file = "djlint-1.36.4-cp313-cp313-win_amd64.whl", hash = "sha256:16ce37e085afe5a30953b2bd87cbe34c37843d94c701fc68a2dda06c1e428ff4"},
    {file = "djlint-1.36.4-cp39-cp39-macosx_10_9_x86_64.whl", hash = "sha256:89678661888c03d7bc6cadd75af69db29962b5ecbf93a81518262f5c48329f04"},
    {file = "djlint-1.36.4-cp39-cp39-macosx_11_0_arm64.whl", hash = "sha256:5b01a98df3e1ab89a552793590875bc6e954cad661a9304057db75363d519fa0"},
    {file = "djlint-1.36.4-cp39-cp39-manylinux_2_17_x86_64.manylinux2014_x86_64.manylinux_2_28_x86_64.whl", hash = "sha256:dabbb4f7b93223d471d09ae34ed515fef98b2233cbca2449ad117416c44b1351"},
    {file = "djlint-1.36.4-cp39-cp39-win_amd64.whl", hash = "sha256:7a483390d17e44df5bc23dcea29bdf6b63f3ed8b4731d844773a4829af4f5e0b"},
    {file = "djlint-1.36.4-py3-none-any.whl", hash = "sha256:e9699b8ac3057a6ed04fb90835b89bee954ed1959c01541ce4f8f729c938afdd"},
    {file = "djlint-1.36.4.tar.gz", hash = "sha256:17254f218b46fe5a714b224c85074c099bcb74e3b2e1f15c2ddc2cf415a408a1"},
]

[package.dependencies]
click = ">=8.0.1"
colorama = ">=0.4.4"
cssbeautifier = ">=1.14.4"
jsbeautifier = ">=1.14.4"
json5 = ">=0.9.11"
pathspec = ">=0.12"
pyyaml = ">=6"
regex = ">=2023"
tqdm = ">=4.62.2"

[[package]]
name = "editorconfig"
version = "0.17.1"
description = "EditorConfig File Locator and Interpreter for Python"
optional = false
python-versions = ">=3.9"
groups = ["main"]
files = [
    {file = "editorconfig-0.17.1-py3-none-any.whl", hash = "sha256:1eda9c2c0db8c16dbd50111b710572a5e6de934e39772de1959d41f64fc17c82"},
    {file = "editorconfig-0.17.1.tar.gz", hash = "sha256:23c08b00e8e08cc3adcddb825251c497478df1dada6aefeb01e626ad37303745"},
]

[package.extras]
dev = ["mypy (>=1.15)"]

[[package]]
name = "gunicorn"
version = "23.0.0"
description = "WSGI HTTP Server for UNIX"
optional = false
python-versions = ">=3.7"
groups = ["main"]
files = [
    {file = "gunicorn-23.0.0-py3-none-any.whl", hash = "sha256:ec400d38950de4dfd418cff8328b2c8faed0edb0d517d3394e457c317908ca4d"},
    {file = "gunicorn-23.0.0.tar.gz", hash = "sha256:f014447a0101dc57e294f6c18ca6b40227a4c90e9bdb586042628030cba004ec"},
]

[package.dependencies]
packaging = "*"

[package.extras]
eventlet = ["eventlet (>=0.24.1,!=0.36.0)"]
gevent = ["gevent (>=1.4.0)"]
setproctitle = ["setproctitle"]
testing = ["coverage", "eventlet", "gevent", "pytest", "pytest-cov"]
tornado = ["tornado (>=0.2)"]

[[package]]
name = "jsbeautifier"
version = "1.15.4"
description = "JavaScript unobfuscator and beautifier."
optional = false
python-versions = "*"
groups = ["main"]
files = [
    {file = "jsbeautifier-1.15.4-py3-none-any.whl", hash = "sha256:72f65de312a3f10900d7685557f84cb61a9733c50dcc27271a39f5b0051bf528"},
    {file = "jsbeautifier-1.15.4.tar.gz", hash = "sha256:5bb18d9efb9331d825735fbc5360ee8f1aac5e52780042803943aa7f854f7592"},
]

[package.dependencies]
editorconfig = ">=0.12.2"
six = ">=1.13.0"

[[package]]
name = "json5"
version = "0.14.0"
description = "A Python implementation of the JSON5 data format."
optional = false
python-versions = ">=3.8.0"
groups = ["main"]
files = [
    {file = "json5-0.14.0-py3-none-any.whl", hash = "sha256:56cf861bab076b1178eb8c92e1311d273a9b9acea2ccc82c276abf839ebaef3a"},
    {file = "json5-0.14.0.tar.gz", hash = "sha256:b3f492fad9f6cdbced8b7d40b28b9b1c9701c5f561bef0d33b81c2ff433fefcb"},
]

[[package]]
name = "packaging"
version = "26.2"
description = "Core utilities for Python packages"
optional = false
python-versions = ">=3.8"
groups = ["main"]
files = [
    {file = "packaging-26.2-py3-none-any.whl", hash = "sha256:5fc45236b9446107ff2415ce77c807cee2862cb6fac22b8a73826d0693b0980e"},
    {file = "packaging-26.2.tar.gz", hash = "sha256:ff452ff5a3e828ce110190feff1178bb1f2ea2281fa2075aadb987c2fb221661"},
]

[[package]]
name = "pathspec"
version = "1.1.1"
description = "Utility library for gitignore style pattern matching of file paths."
optional = false
python-versions = ">=3.9"
groups = ["main"]
files = [
    {file = "pathspec-1.1.1-py3-none-any.whl", hash = "sha256:a00ce642f577bf7f473932318056212bc4f8bfdf53128c78bbd5af0b9b20b189"},
    {file = "pathspec-1.1.1.tar.gz", hash = "sha256:17db5ecd524104a120e173814c90367a96a98d07c45b2e10c2f3919fff91bf5a"},
]

[package.extras]
hyperscan = ["hyperscan (>=0.7)"]
optional = ["typing-extensions (>=4)"]
re2 = ["google-re2 (>=1.1)"]

[[package]]
name = "python-dotenv"
version = "1.2.2"
description = "Read key-value pairs from a .env file and set them as environment variables"
optional = false
python-versions = ">=3.10"
groups = ["main"]
files = [
    {file = "python_dotenv-1.2.2-py3-none-any.whl", hash = "sha256:1d8214789a24de455a8b8bd8ae6fe3c6b69a5e3d64aa8a8e5d68e694bbcb285a"},
    {file = "python_dotenv-1.2.2.tar.gz", hash = "sha256:2c371a91fbd7ba082c2c1dc1f8bf89ca22564a087c2c287cd9b662adde799cf3"},
]

[package.extras]
cli = ["click (>=5.0)"]

[[package]]
name = "pyyaml"
version = "6.0.3"
description = "YAML parser and emitter for Python"
optional = false
python-versions = ">=3.8"
groups = ["main"]
files = [
    {file = "PyYAML-6.0.3-cp38-cp38-macosx_10_13_x86_64.whl", hash = "sha256:c2514fceb77bc5e7a2f7adfaa1feb2fb311607c9cb518dbc378688ec73d8292f"},
    {file = "PyYAML-6.0.3-cp38-cp38-manylinux2014_aarch64.manylinux_2_17_aarch64.manylinux_2_28_aarch64.whl", hash = "sha256:9c57bb8c96f6d1808c030b1687b9b5fb476abaa47f0db9c0101f5e9f394e97f4"},
    {file = "PyYAML-6.0.3-cp38-cp38-manylinux2014_s390x.manylinux_2_17_s390x.manylinux_2_28_s390x.whl", hash = "sha256:efd7b85f94a6f21e4932043973a7ba2613b059c4a000551892ac9f1d11f5baf3"},
    {file = "PyYAML-6.0.3-cp38-cp38-manylinux2014_x86_64.manylinux_2_17_x86_64.manylinux_2_28_x86_64.whl", hash = "sha256:22ba7cfcad58ef3ecddc7ed1db3409af68d023b7f940da23c6c2a1890976eda6"},
    {file = "PyYAML-6.0.3-cp38-cp38-musllinux_1_2_x86_64.whl", hash = "sha256:6344df0d5755a2c9a276d4473ae6b90647e216ab4757f8426893b5dd2ac3f369"},
    {file = "PyYAML-6.0.3-cp38-cp38-win32.whl", hash = "sha256:3ff07ec89bae51176c0549bc4c63aa6202991da2d9a6129d7aef7f1407d3f295"},
    {file = "PyYAML-6.0.3-cp38-cp38-win_amd64.whl", hash = "sha256:5cf4e27da7e3fbed4d6c3d8e797387aaad68102272f8f9752883bc32d61cb87b"},
    {file = "pyyaml-6.0.3-cp310-cp310-macosx_10_13_x86_64.whl", hash = "sha256:214ed4befebe12df36bcc8bc2b64b396ca31be9304b8f59e25c11cf94a4c033b"},
    {file = "pyyaml-6.0.3-cp310-cp310-macosx_11_0_arm64.whl", hash = "sha256:02ea2dfa234451bbb8772601d7b8e426c2bfa197136796224e50e35a78777956"},
    {file = "pyyaml-6.0.3-cp310-cp310-manylinux2014_aarch64.manylinux_2_17_aarch64.manylinux_2_28_aarch64.whl", hash = "sha256:b30236e45cf30d2b8e7b3e85881719e98507abed1011bf463a8fa23e9c3e98a8"},
    {file = "pyyaml-6.0.3-cp310-cp310-manylinux2014_s390x.manylinux_2_17_s390x.manylinux_2_28_s390x.whl", hash = "sha256:66291b10affd76d76f54fad28e22e51719ef9ba22b29e1d7d03d6777a9174198"},
    {file = "pyyaml-6.0.3-cp310-cp310-manylinux2014_x86_64.manylinux_2_17_x86_64.manylinux_2_28_x86_64.whl", hash = "sha256:9c7708761fccb9397fe64bbc0395abcae8c4bf7b0eac081e12b809bf47700d0b"},
    {file = "pyyaml-6.0.3-cp310-cp310-musllinux_1_2_aarch64.whl", hash = "sha256:418cf3f2111bc80e0933b2cd8cd04f286338bb88bdc7bc8e6dd775ebde60b5e0"},
    {file = "pyyaml-6.0.3-cp310-cp310-musllinux_1_2_x86_64.whl", hash = "sha256:5e0b74767e5f8c593e8c9b5912019159ed0533c70051e9cce3e8b6aa699fcd69"},
    {file = "pyyaml-6.0.3-cp310-cp310-win32.whl", hash = "sha256:28c8d926f98f432f88adc23edf2e6d4921ac26fb084b028c733d01868d19007e"},
    {file = "pyyaml-6.0.3-cp310-cp310-win_amd64.whl", hash = "sha256:bdb2c67c6c1390b63c6ff89f210c8fd09d9a1217a465701eac7316313c915e4c"},
    {file = "pyyaml-6.0.3-cp311-cp311-macosx_10_13_x86_64.whl", hash = "sha256:44edc647873928551a01e7a563d7452ccdebee747728c1080d881d68af7b997e"},
    {file = "pyyaml-6.0.3-cp311-cp311-macosx_11_0_arm64.whl", hash = "sha256:652cb6edd41e718550aad172851962662ff2681490a8a711af6a4d288dd96824"},
    {file = "pyyaml-6.0.3-cp311-cp311-manylinux2014_aarch64.manylinux_2_17_aarch64.manylinux_2_28_aarch64.whl", hash = "sha256:10892704fc220243f5305762e276552a0395f7beb4dbf9b14ec8fd43b57f126c"},
    {file = "pyyaml-6.0.3-cp311-cp311-manylinux2014_s390x.manylinux_2_17_s390x.manylinux_2_28_s390x.whl", hash = "sha256:850774a7879607d3a6f50d36d04f00ee69e7fc816450e5f7e58d7f17f1ae5c00"},
    {file = "pyyaml-6.0.3-cp311-cp311-manylinux2014_x86_64.manylinux_2_17_x86_64.manylinux_2_28_x86_64.whl", hash = "sha256:b8bb0864c5a28024fac8a632c443c87c5aa6f215c0b126c449ae1a150412f31d"},
    {file = "pyyaml-6.0.3-cp311-cp311-musllinux_1_2_aarch64.whl", hash = "sha256:1d37d57ad971609cf3c53ba6a7e365e40660e3be0e5175fa9f2365a379d6095a"},
    {file = "pyyaml-6.0.3-cp311-cp311-musllinux_1_2_x86_64.whl", hash = "sha256:37503bfbfc9d2c40b344d06b2199cf0e96e97957ab1c1b546fd4f87e53e5d3e4"},
    {file = "pyyaml-6.0.3-cp311-cp311-win32.whl", hash = "sha256:8098f252adfa6c80ab48096053f512f2321f0b998f98150cea9bd23d83e1467b"},
    {file = "pyyaml-6.0.3-cp311-cp311-win_amd64.whl", hash = "sha256:9f3bfb4965eb874431221a3ff3fdcddc7e74e3b07799e0e84ca4a0f867d449bf"},
    {file = "pyyaml-6.0.3-cp312-cp312-macosx_10_13_x86_64.whl", hash = "sha256:7f047e29dcae44602496db43be01ad42fc6f1cc0d8cd6c83d342306c32270196"},
    {file = "pyyaml-6.0.3-cp312-cp312-macosx_11_0_arm64.whl", hash = "sha256:fc09d0aa354569bc501d4e787133afc08552722d3ab34836a80547331bb5d4a0"},
    {file = "pyyaml-6.0.3-cp312-cp312-manylinux2014_aarch64.manylinux_2_17_aarch64.manylinux_2_28_aarch64.whl", hash = "sha256:9149cad251584d5fb4981be1ecde53a1ca46c891a79788c0df828d2f166bda28"},
    {file = "pyyaml-6.0.3-cp312-cp312-manylinux2014_s390x.manylinux_2_17_s390x.manylinux_2_28_s390x.whl", hash = "sha256:5fdec68f91a0c6739b380c83b951e2c72ac0197ace422360e6d5a959d8d97b2c"},
    {file = "pyyaml-6.0.3-cp312-cp312-manylinux2014_x86_64.manylinux_2_17_x86_64.manylinux_2_28_x86_64.whl", hash = "sha256:ba1cc08a7ccde2d2ec775841541641e4548226580ab850948cbfda66a1befcdc"},
    {file = "pyyaml-6.0.3-cp312-cp312-musllinux_1_2_aarch64.whl", hash = "sha256:8dc52c23056b9ddd46818a57b78404882310fb473d63f17b07d5c40421e47f8e"},
    {file = "pyyaml-6.0.3-cp312-cp312-musllinux_1_2_x86_64.whl", hash = "sha256:41715c910c881bc081f1e8872880d3c650acf13dfa8214bad49ed4cede7c34ea"},
    {file = "pyyaml-6.0.3-cp312-cp312-win32.whl", hash = "sha256:96b533f0e99f6579b3d4d4995707cf36df9100d67e0c8303a0c55b27b5f99bc5"},
    {file = "pyyaml-6.0.3-cp312-cp312-win_amd64.whl", hash = "sha256:5fcd34e47f6e0b794d17de1b4ff496c00986e1c83f7ab2fb8fcfe9616ff7477b"},
    {file = "pyyaml-6.0.3-cp312-cp312-win_arm64.whl", hash = "sha256:64386e5e707d03a7e172c0701abfb7e10f0fb753ee1d773128192742712a98fd"},
    {file = "pyyaml-6.0.3-cp313-cp313-macosx_10_13_x86_64.whl", hash = "sha256:8da9669d359f02c0b91ccc01cac4a67f16afec0dac22c2ad09f46bee0697eba8"},
    {file = "pyyaml-6.0.3-cp313-cp313-macosx_11_0_arm64.whl", hash = "sha256:2283a07e2c21a2aa78d9c4442724ec1eb15f5e42a723b99cb3d822d48f5f7ad1"},
    {file = "pyyaml-6.0.3-cp313-cp313-manylinux2014_aarch64.manylinux_2_17_aarch64.manylinux_2_28_aarch64.whl", hash = "sha256:ee2922902c45ae8ccada2c5b501ab86c36525b883eff4255313a253a3160861c"},
    {file = "pyyaml-6.0.3-cp313-cp313-manylinux2014_s390x.manylinux_2_17_s390x.manylinux_2_28_s390x.whl", hash = "sha256:a33284e20b78bd4a18c8c2282d549d10bc8408a2a7ff57653c0cf0b9be0afce5"},
    {file = "pyyaml-6.0.3-cp313-cp313-manylinux2014_x86_64.manylinux_2_17_x86_64.manylinux_2_28_x86_64.whl", hash = "sha256:0f29edc409a6392443abf94b9cf89ce99889a1dd5376d94316ae5145dfedd5d6"},
    {file = "pyyaml-6.0.3-cp313-cp313-musllinux_1_2_aarch64.whl", hash = "sha256:f7057c9a337546edc7973c0d3ba84ddcdf0daa14533c2065749c9075001090e6"},
    {file = "pyyaml-6.0.3-cp313-cp313-musllinux_1_2_x86_64.whl", hash = "sha256:eda16858a3cab07b80edaf74336ece1f986ba330fdb8ee0d6c0d68fe82bc96be"},
    {file = "pyyaml-6.0.3-cp313-cp313-win32.whl", hash = "sha256:d0eae10f8159e8fdad514efdc92d74fd8d682c933a6dd088030f3834bc8e6b26"},
    {file = "pyyaml-6.0.3-cp313-cp313-win_amd64.whl", hash = "sha256:79005a0d97d5ddabfeeea4cf676af11e647e41d81c9a7722a193022accdb6b7c"},
    {file = "pyyaml-6.0.3-cp313-cp313-win_arm64.whl", hash = "sha256:5498cd1645aa724a7c71c8f378eb29ebe23da2fc0d7a08071d89469bf1d2defb"},
    {file = "pyyaml-6.0.3-cp314-cp314-macosx_10_13_x86_64.whl", hash = "sha256:8d1fab6bb153a416f9aeb4b8763bc0f22a5586065f86f7664fc23339fc1c1fac"},
    {file = "pyyaml-6.0.3-cp314-cp314-macosx_11_0_arm64.whl", hash = "sha256:34d5fcd24b8445fadc33f9cf348c1047101756fd760b4dacb5c3e99755703310"},
    {file = "pyyaml-6.0.3-cp314-cp314-manylinux2014_aarch64.manylinux_2_17_aarch64.manylinux_2_28_aarch64.whl", hash = "sha256:501a031947e3a9025ed4405a168e6ef5ae3126c59f90ce0cd6f2bfc477be31b7"},
    {file = "pyyaml-6.0.3-cp314-cp314-manylinux2014_s390x.manylinux_2_17_s390x.manylinux_2_28_s390x.whl", hash = "sha256:b3bc83488de33889877a0f2543ade9f70c67d66d9ebb4ac959502e12de895788"},
    {file = "pyyaml-6.0.3-cp314-cp314-manylinux2014_x86_64.manylinux_2_17_x86_64.manylinux_2_28_x86_64.whl", hash = "sha256:c458b6d084f9b935061bc36216e8a69a7e293a2f1e68bf956dcd9e6cbcd143f5"},
    {file = "pyyaml-6.0.3-cp314-cp314-musllinux_1_2_aarch64.whl", hash = "sha256:7c6610def4f163542a622a73fb39f534f8c101d690126992300bf3207eab9764"},
    {file = "pyyaml-6.0.3-cp314-cp314-musllinux_1_2_x86_64.whl", hash = "sha256:5190d403f121660ce8d1d2c1bb2ef1bd05b5f68533fc5c2ea899bd15f4399b35"},
    {file = "pyyaml-6.0.3-cp314-cp314-win_amd64.whl", hash = "sha256:4a2e8cebe2ff6ab7d1050ecd59c25d4c8bd7e6f400f5f82b96557ac0abafd0ac"},
    {file = "pyyaml-6.0.3-cp314-cp314-win_arm64.whl", hash = "sha256:93dda82c9c22deb0a405ea4dc5f2d0cda384168e466364dec6255b293923b2f3"},
    {file = "pyyaml-6.0.3-cp314-cp314t-macosx_10_13_x86_64.whl", hash = "sha256:02893d100e99e03eda1c8fd5c441d8c60103fd175728e23e431db1b589cf5ab3"},
    {file = "pyyaml-6.0.3-cp314-cp314t-macosx_11_0_arm64.whl", hash = "sha256:c1ff362665ae507275af2853520967820d9124984e0f7466736aea23d8611fba"},
    {file = "pyyaml-6.0.3-cp314-cp314t-manylinux2014_aarch64.manylinux_2_17_aarch64.manylinux_2_28_aarch64.whl", hash = "sha256:6adc77889b628398debc7b65c073bcb99c4a0237b248cacaf3fe8a557563ef6c"},
    {file = "pyyaml-6.0.3-cp314-cp314t-manylinux2014_s390x.manylinux_2_17_s390x.manylinux_2_28_s390x.whl", hash = "sha256:a80cb027f6b349846a3bf6d73b5e95e782175e52f22108cfa17876aaeff93702"},
    {file = "pyyaml-6.0.3-cp314-cp314t-manylinux2014_x86_64.manylinux_2_17_x86_64.manylinux_2_28_x86_64.whl", hash = "sha256:00c4bdeba853cc34e7dd471f16b4114f4162dc03e6b7afcc2128711f0eca823c"},
    {file = "pyyaml-6.0.3-cp314-cp314t-musllinux_1_2_aarch64.whl", hash = "sha256:66e1674c3ef6f541c35191caae2d429b967b99e02040f5ba928632d9a7f0f065"},
    {file = "pyyaml-6.0.3-cp314-cp314t-musllinux_1_2_x86_64.whl", hash = "sha256:16249ee61e95f858e83976573de0f5b2893b3677ba71c9dd36b9cf8be9ac6d65"},
    {file = "pyyaml-6.0.3-cp314-cp314t-win_amd64.whl", hash = "sha256:4ad1906908f2f5ae4e5a8ddfce73c320c2a1429ec52eafd27138b7f1cbe341c9"},
    {file = "pyyaml-6.0.3-cp314-cp314t-win_arm64.whl", hash = "sha256:ebc55a14a21cb14062aa4162f906cd962b28e2e9ea38f9b4391244cd8de4ae0b"},
    {file = "pyyaml-6.0.3-cp39-cp39-macosx_10_13_x86_64.whl", hash = "sha256:b865addae83924361678b652338317d1bd7e79b1f4596f96b96c77a5a34b34da"},
    {file = "pyyaml-6.0.3-cp39-cp39-macosx_11_0_arm64.whl", hash = "sha256:c3355370a2c156cffb25e876646f149d5d68f5e0a3ce86a5084dd0b64a994917"},
    {file = "pyyaml-6.0.3-cp39-cp39-manylinux2014_aarch64.manylinux_2_17_aarch64.manylinux_2_28_aarch64.whl", hash = "sha256:3c5677e12444c15717b902a5798264fa7909e41153cdf9ef7ad571b704a63dd9"},
    {file = "pyyaml-6.0.3-cp39-cp39-manylinux2014_s390x.manylinux_2_17_s390x.manylinux_2_28_s390x.whl", hash = "sha256:5ed875a24292240029e4483f9d4a4b8a1ae08843b9c54f43fcc11e404532a8a5"},
    {file = "pyyaml-6.0.3-cp39-cp39-manylinux2014_x86_64.manylinux_2_17_x86_64.manylinux_2_28_x86_64.whl", hash = "sha256:0150219816b6a1fa26fb4699fb7daa9caf09eb1999f3b70fb6e786805e80375a"},
    {file = "pyyaml-6.0.3-cp39-cp39-musllinux_1_2_aarch64.whl", hash = "sha256:fa160448684b4e94d80416c0fa4aac48967a969efe22931448d853ada8baf926"},
    {file = "pyyaml-6.0.3-cp39-cp39-musllinux_1_2_x86_64.whl", hash = "sha256:27c0abcb4a5dac13684a37f76e701e054692a9b2d3064b70f5e4eb54810553d7"},
    {file = "pyyaml-6.0.3-cp39-cp39-win32.whl", hash = "sha256:1ebe39cb5fc479422b83de611d14e2c0d3bb2a18bbcb01f229ab3cfbd8fee7a0"},
    {file = "pyyaml-6.0.3-cp39-cp39-win_amd64.whl", hash = "sha256:2e71d11abed7344e42a8849600193d15b6def118602c4c176f748e4583246007"},
    {file = "pyyaml-6.0.3.tar.gz", hash = "sha256:d76623373421df22fb4cf8817020cbb7ef15c725b9d5e45f17e189bfc384190f"},
]

[[package]]
name = "regex"
version = "2026.4.4"
description = "Alternative regular expression module, to replace re."
optional = false
python-versions = ">=3.10"
groups = ["main"]
files = [
    {file = "regex-2026.4.4-cp310-cp310-macosx_10_9_universal2.whl", hash = "sha256:74fa82dcc8143386c7c0392e18032009d1db715c25f4ba22d23dc2e04d02a20f"},
    {file = "regex-2026.4.4-cp310-cp310-macosx_10_9_x86_64.whl", hash = "sha256:a85b620a388d6c9caa12189233109e236b3da3deffe4ff11b84ae84e218a274f"},
    {file = "regex-2026.4.4-cp310-cp310-macosx_11_0_arm64.whl", hash = "sha256:2895506ebe32cc63eeed8f80e6eae453171cfccccab35b70dc3129abec35a5b8"},
    {file = "regex-2026.4.4-cp310-cp310-manylinux2014_aarch64.manylinux_2_17_aarch64.manylinux_2_28_aarch64.whl", hash = "sha256:6780f008ee81381c737634e75c24e5a6569cc883c4f8e37a37917ee79efcafd9"},
    {file = "regex-2026.4.4-cp310-cp310-manylinux2014_ppc64le.manylinux_2_17_ppc64le.manylinux_2_28_ppc64le.whl", hash = "sha256:88e9b048345c613f253bea4645b2fe7e579782b82cac99b1daad81e29cc2ed8e"},
    {file = "regex-2026.4.4-cp310-cp310-manylinux2014_s390x.manylinux_2_17_s390x.manylinux_2_28_s390x.whl", hash = "sha256:be061028481186ba62a0f4c5f1cc1e3d5ab8bce70c89236ebe01023883bc903b"},
    {file = "regex-2026.4.4-cp310-cp310-manylinux2014_x86_64.manylinux_2_17_x86_64.manylinux_2_28_x86_64.whl", hash = "sha256:d2228c02b368d69b724c36e96d3d1da721561fb9cc7faa373d7bf65e07d75cb5"},
    {file = "regex-2026.4.4-cp310-cp310-manylinux2014_x86_64.manylinux_2_17_x86_64.whl", hash = "sha256:0540e5b733618a2f84e9cb3e812c8afa82e151ca8e19cf6c4e95c5a65198236f"},
    {file = "regex-2026.4.4-cp310-cp310-manylinux_2_31_riscv64.manylinux_2_39_riscv64.whl", hash = "sha256:cf9b1b2e692d4877880388934ac746c99552ce6bf40792a767fd42c8c99f136d"},
    {file = "regex-2026.4.4-cp310-cp310-musllinux_1_2_aarch64.whl", hash = "sha256:011bb48bffc1b46553ac704c975b3348717f4e4aa7a67522b51906f99da1820c"},
    {file = "regex-2026.4.4-cp310-cp310-musllinux_1_2_ppc64le.whl", hash = "sha256:8512fcdb43f1bf18582698a478b5ab73f9c1667a5b7548761329ef410cd0a760"},
    {file = "regex-2026.4.4-cp310-cp310-musllinux_1_2_riscv64.whl", hash = "sha256:867bddc63109a0276f5a31999e4c8e0eb7bbbad7d6166e28d969a2c1afeb97f9"},
    {file = "regex-2026.4.4-cp310-cp310-musllinux_1_2_s390x.whl", hash = "sha256:1b9a00b83f3a40e09859c78920571dcb83293c8004079653dd22ec14bbfa98c7"},
    {file = "regex-2026.4.4-cp310-cp310-musllinux_1_2_x86_64.whl", hash = "sha256:e355be718caf838aa089870259cf1776dc2a4aa980514af9d02c59544d9a8b22"},
    {file = "regex-2026.4.4-cp310-cp310-win32.whl", hash = "sha256:33bfda9684646d323414df7abe5692c61d297dbb0530b28ec66442e768813c59"},
    {file = "regex-2026.4.4-cp310-cp310-win_amd64.whl", hash = "sha256:0709f22a56798457ae317bcce42aacee33c680068a8f14097430d9f9ba364bee"},
    {file = "regex-2026.4.4-cp310-cp310-win_arm64.whl", hash = "sha256:ee9627de8587c1a22201cb16d0296ab92b4df5cdcb5349f4e9744d61db7c7c98"},
    {file = "regex-2026.4.4-cp311-cp311-macosx_10_9_universal2.whl", hash = "sha256:b4c36a85b00fadb85db9d9e90144af0a980e1a3d2ef9cd0f8a5bef88054657c6"},
    {file = "regex-2026.4.4-cp311-cp311-macosx_10_9_x86_64.whl", hash = "sha256:dcb5453ecf9cd58b562967badd1edbf092b0588a3af9e32ee3d05c985077ce87"},
    {file = "regex-2026.4.4-cp311-cp311-macosx_11_0_arm64.whl", hash = "sha256:6aa809ed4dc3706cc38594d67e641601bd2f36d5555b2780ff074edfcb136cf8"},
    {file = "regex-2026.4.4-cp311-cp311-manylinux2014_aarch64.manylinux_2_17_aarch64.manylinux_2_28_aarch64.whl", hash = "sha256:33424f5188a7db12958246a54f59a435b6cb62c5cf9c8d71f7cc49475a5fdada"},
    {file = "regex-2026.4.4-cp311-cp311-manylinux2014_ppc64le.manylinux_2_17_ppc64le.manylinux_2_28_ppc64le.whl", hash = "sha256:7d346fccdde28abba117cc9edc696b9518c3307fbfcb689e549d9b5979018c6d"},
    {file = "regex-2026.4.4-cp311-cp311-manylinux2014_s390x.manylinux_2_17_s390x.manylinux_2_28_s390x.whl", hash = "sha256:415a994b536440f5011aa77e50a4274d15da3245e876e5c7f19da349caaedd87"},
    {file = "regex-2026.4.4-cp311-cp311-manylinux2014_x86_64.manylinux_2_17_x86_64.manylinux_2_28_x86_64.whl", hash = "sha256:21e5eb86179b4c67b5759d452ea7c48eb135cd93308e7a260aa489ed2eb423a4"},
    {file = "regex-2026.4.4-cp311-cp311-manylinux_2_31_riscv64.manylinux_2_39_riscv64.whl", hash = "sha256:312ec9dd1ae7d96abd8c5a36a552b2139931914407d26fba723f9e53c8186f86"},
    {file = "regex-2026.4.4-cp311-cp311-musllinux_1_2_aarch64.whl", hash = "sha256:a0d2b28aa1354c7cd7f71b7658c4326f7facac106edd7f40eda984424229fd59"},
    {file = "regex-2026.4.4-cp311-cp311-musllinux_1_2_ppc64le.whl", hash = "sha256:349d7310eddff40429a099c08d995c6d4a4bfaf3ff40bd3b5e5cb5a5a3c7d453"},
    {file = "regex-2026.4.4-cp311-cp311-musllinux_1_2_riscv64.whl", hash = "sha256:e7ab63e9fe45a9ec3417509e18116b367e89c9ceb6219222a3396fa30b147f80"},
    {file = "regex-2026.4.4-cp311-cp311-musllinux_1_2_s390x.whl", hash = "sha256:fe896e07a5a2462308297e515c0054e9ec2dd18dfdc9427b19900b37dfe6f40b"},
    {file = "regex-2026.4.4-cp311-cp311-musllinux_1_2_x86_64.whl", hash = "sha256:eb59c65069498dbae3c0ef07bbe224e1eaa079825a437fb47a479f0af11f774f"},
    {file = "regex-2026.4.4-cp311-cp311-win32.whl", hash = "sha256:2a5d273181b560ef8397c8825f2b9d57013de744da9e8257b8467e5da8599351"},
    {file = "regex-2026.4.4-cp311-cp311-win_amd64.whl", hash = "sha256:9542ccc1e689e752594309444081582f7be2fdb2df75acafea8a075108566735"},
    {file = "regex-2026.4.4-cp311-cp311-win_arm64.whl", hash = "sha256:b5f9fb784824a042be3455b53d0b112655686fdb7a91f88f095f3fee1e2a2a54"},
    {file = "regex-2026.4.4-cp312-cp312-macosx_10_13_universal2.whl", hash = "sha256:c07ab8794fa929e58d97a0e1796b8b76f70943fa39df225ac9964615cf1f9d52"},
    {file = "regex-2026.4.4-cp312-cp312-macosx_10_13_x86_64.whl", hash = "sha256:2c785939dc023a1ce4ec09599c032cc9933d258a998d16ca6f2b596c010940eb"},
    {file = "regex-2026.4.4-cp312-cp312-macosx_11_0_arm64.whl", hash = "sha256:1b1ce5c81c9114f1ce2f9288a51a8fd3aeea33a0cc440c415bf02da323aa0a76"},
    {file = "regex-2026.4.4-cp312-cp312-manylinux2014_aarch64.manylinux_2_17_aarch64.manylinux_2_28_aarch64.whl", hash = "sha256:760ef21c17d8e6a4fe8cf406a97cf2806a4df93416ccc82fc98d25b1c20425be"},
    {file = "regex-2026.4.4-cp312-cp312-manylinux2014_ppc64le.manylinux_2_17_ppc64le.manylinux_2_28_ppc64le.whl", hash = "sha256:7088fcdcb604a4417c208e2169715800d28838fefd7455fbe40416231d1d47c1"},
    {file = "regex-2026.4.4-cp312-cp312-manylinux2014_s390x.manylinux_2_17_s390x.manylinux_2_28_s390x.whl", hash = "sha256:07edca1ba687998968f7db5bc355288d0c6505caa7374f013d27356d93976d13"},
    {file = "regex-2026.4.4-cp312-cp312-manylinux2014_x86_64.manylinux_2_17_x86_64.manylinux_2_28_x86_64.whl", hash = "sha256:993f657a7c1c6ec51b5e0ba97c9817d06b84ea5fa8d82e43b9405de0defdc2b9"},
    {file = "regex-2026.4.4-cp312-cp312-manylinux_2_31_riscv64.manylinux_2_39_riscv64.whl", hash = "sha256:2b69102a743e7569ebee67e634a69c4cb7e59d6fa2e1aa7d3bdbf3f61435f62d"},
    {file = "regex-2026.4.4-cp312-cp312-musllinux_1_2_aarch64.whl", hash = "sha256:6dac006c8b6dda72d86ea3d1333d45147de79a3a3f26f10c1cf9287ca4ca0ac3"},
    {file = "regex-2026.4.4-cp312-cp312-musllinux_1_2_ppc64le.whl", hash = "sha256:50a766ee2010d504554bfb5f578ed2e066898aa26411d57e6296230627cdefa0"},
    {file = "regex-2026.4.4-cp312-cp312-musllinux_1_2_riscv64.whl", hash = "sha256:9e2f5217648f68e3028c823df58663587c1507a5ba8419f4fdfc8a461be76043"},
    {file = "regex-2026.4.4-cp312-cp312-musllinux_1_2_s390x.whl", hash = "sha256:39d8de85a08e32632974151ba59c6e9140646dcc36c80423962b1c5c0a92e244"},
    {file = "regex-2026.4.4-cp312-cp312-musllinux_1_2_x86_64.whl", hash = "sha256:55d9304e0e7178dfb1e106c33edf834097ddf4a890e2f676f6c5118f84390f73"},
    {file = "regex-2026.4.4-cp312-cp312-win32.whl", hash = "sha256:04bb679bc0bde8a7bfb71e991493d47314e7b98380b083df2447cda4b6edb60f"},
    {file = "regex-2026.4.4-cp312-cp312-win_amd64.whl", hash = "sha256:db0ac18435a40a2543dbb3d21e161a6c78e33e8159bd2e009343d224bb03bb1b"},
    {file = "regex-2026.4.4-cp312-cp312-win_arm64.whl", hash = "sha256:4ce255cc05c1947a12989c6db801c96461947adb7a59990f1360b5983fab4983"},
    {file = "regex-2026.4.4-cp313-cp313-macosx_10_13_universal2.whl", hash = "sha256:62f5519042c101762509b1d717b45a69c0139d60414b3c604b81328c01bd1943"},
    {file = "regex-2026.4.4-cp313-cp313-macosx_10_13_x86_64.whl", hash = "sha256:3790ba9fb5dd76715a7afe34dbe603ba03f8820764b1dc929dd08106214ed031"},
    {file = "regex-2026.4.4-cp313-cp313-macosx_11_0_arm64.whl", hash = "sha256:8fae3c6e795d7678963f2170152b0d892cf6aee9ee8afc8c45e6be38d5107fe7"},
    {file = "regex-2026.4.4-cp313-cp313-manylinux2014_aarch64.manylinux_2_17_aarch64.manylinux_2_28_aarch64.whl", hash = "sha256:298c3ec2d53225b3bf91142eb9691025bab610e0c0c51592dde149db679b3d17"},
    {file = "regex-2026.4.4-cp313-cp313-manylinux2014_ppc64le.manylinux_2_17_ppc64le.manylinux_2_28_ppc64le.whl", hash = "sha256:e9638791082eaf5b3ac112c587518ee78e083a11c4b28012d8fe2a0f536dfb17"},
    {file = "regex-2026.4.4-cp313-cp313-manylinux2014_s390x.manylinux_2_17_s390x.manylinux_2_28_s390x.whl", hash = "sha256:ae3e764bd4c5ff55035dc82a8d49acceb42a5298edf6eb2fc4d328ee5dd7afae"},
    {file = "regex-2026.4.4-cp313-cp313-manylinux2014_x86_64.manylinux_2_17_x86_64.manylinux_2_28_x86_64.whl", hash = "sha256:ffa81f81b80047ba89a3c69ae6a0f78d06f4a42ce5126b0eb2a0a10ad44e0b2e"},
    {file = "regex-2026.4.4-cp313-cp313-manylinux_2_31_riscv64.manylinux_2_39_riscv64.whl", hash = "sha256:f56ebf9d70305307a707911b88469213630aba821e77de7d603f9d2f0730687d"},
    {file = "regex-2026.4.4-cp313-cp313-musllinux_1_2_aarch64.whl", hash = "sha256:773d1dfd652bbffb09336abf890bfd64785c7463716bf766d0eb3bc19c8b7f27"},
    {file = "regex-2026.4.4-cp313-cp313-musllinux_1_2_ppc64le.whl", hash = "sha256:d51d20befd5275d092cdffba57ded05f3c436317ee56466c8928ac32d960edaf"},
    {file = "regex-2026.4.4-cp313-cp313-musllinux_1_2_riscv64.whl", hash = "sha256:0a51cdb3c1e9161154f976cb2bef9894bc063ac82f31b733087ffb8e880137d0"},
    {file = "regex-2026.4.4-cp313-cp313-musllinux_1_2_s390x.whl", hash = "sha256:ae5266a82596114e41fb5302140e9630204c1b5f325c770bec654b95dd54b0aa"},
    {file = "regex-2026.4.4-cp313-cp313-musllinux_1_2_x86_64.whl", hash = "sha256:c882cd92ec68585e9c1cf36c447ec846c0d94edd706fe59e0c198e65822fd23b"},
    {file = "regex-2026.4.4-cp313-cp313-win32.whl", hash = "sha256:05568c4fbf3cb4fa9e28e3af198c40d3237cf6041608a9022285fe567ec3ad62"},
    {file = "regex-2026.4.4-cp313-cp313-win_amd64.whl", hash = "sha256:3384df51ed52db0bea967e21458ab0a414f67cdddfd94401688274e55147bb81"},
    {file = "regex-2026.4.4-cp313-cp313-win_arm64.whl", hash = "sha256:acd38177bd2c8e69a411d6521760806042e244d0ef94e2dd03ecdaa8a3c99427"},
    {file = "regex-2026.4.4-cp313-cp313t-macosx_10_13_universal2.whl", hash = "sha256:f94a11a9d05afcfcfa640e096319720a19cc0c9f7768e1a61fceee6a3afc6c7c"},
    {file = "regex-2026.4.4-cp313-cp313t-macosx_10_13_x86_64.whl", hash = "sha256:36bcb9d6d1307ab629edc553775baada2aefa5c50ccc0215fbfd2afcfff43141"},
    {file = "regex-2026.4.4-cp313-cp313t-macosx_11_0_arm64.whl", hash = "sha256:261c015b3e2ed0919157046d768774ecde57f03d8fa4ba78d29793447f70e717"},
    {file = "regex-2026.4.4-cp313-cp313t-manylinux2014_aarch64.manylinux_2_17_aarch64.manylinux_2_28_aarch64.whl", hash = "sha256:c228cf65b4a54583763645dcd73819b3b381ca8b4bb1b349dee1c135f4112c07"},
    {file = "regex-2026.4.4-cp313-cp313t-manylinux2014_ppc64le.manylinux_2_17_ppc64le.manylinux_2_28_ppc64le.whl", hash = "sha256:dd2630faeb6876fb0c287f664d93ddce4d50cd46c6e88e60378c05c9047e08ca"},
    {file = "regex-2026.4.4-cp313-cp313t-manylinux2014_s390x.manylinux_2_17_s390x.manylinux_2_28_s390x.whl", hash = "sha256:6a50ab11b7779b849472337191f3a043e27e17f71555f98d0092fa6d73364520"},
    {file = "regex-2026.4.4-cp313-cp313t-manylinux2014_x86_64.manylinux_2_17_x86_64.manylinux_2_28_x86_64.whl", hash = "sha256:0734f63afe785138549fbe822a8cfeaccd1bae814c5057cc0ed5b9f2de4fc883"},
    {file = "regex-2026.4.4-cp313-cp313t-manylinux_2_31_riscv64.manylinux_2_39_riscv64.whl", hash = "sha256:c4ee50606cb1967db7e523224e05f32089101945f859928e65657a2cbb3d278b"},
    {file = "regex-2026.4.4-cp313-cp313t-musllinux_1_2_aarch64.whl", hash = "sha256:6c1818f37be3ca02dcb76d63f2c7aaba4b0dc171b579796c6fbe00148dfec6b1"},
    {file = "regex-2026.4.4-cp313-cp313t-musllinux_1_2_ppc64le.whl", hash = "sha256:f5bfc2741d150d0be3e4a0401a5c22b06e60acb9aa4daa46d9e79a6dcd0f135b"},
    {file = "regex-2026.4.4-cp313-cp313t-musllinux_1_2_riscv64.whl", hash = "sha256:504ffa8a03609a087cad81277a629b6ce884b51a24bd388a7980ad61748618ff"},
    {file = "regex-2026.4.4-cp313-cp313t-musllinux_1_2_s390x.whl", hash = "sha256:70aadc6ff12e4b444586e57fc30771f86253f9f0045b29016b9605b4be5f7dfb"},
    {file = "regex-2026.4.4-cp313-cp313t-musllinux_1_2_x86_64.whl", hash = "sha256:f4f83781191007b6ef43b03debc35435f10cad9b96e16d147efe84a1d48bdde4"},
    {file = "regex-2026.4.4-cp313-cp313t-win32.whl", hash = "sha256:e014a797de43d1847df957c0a2a8e861d1c17547ee08467d1db2c370b7568baa"},
    {file = "regex-2026.4.4-cp313-cp313t-win_amd64.whl", hash = "sha256:b15b88b0d52b179712632832c1d6e58e5774f93717849a41096880442da41ab0"},
    {file = "regex-2026.4.4-cp313-cp313t-win_arm64.whl", hash = "sha256:586b89cdadf7d67bf86ae3342a4dcd2b8d70a832d90c18a0ae955105caf34dbe"},
    {file = "regex-2026.4.4-cp314-cp314-macosx_10_13_universal2.whl", hash = "sha256:2da82d643fa698e5e5210e54af90181603d5853cf469f5eedf9bfc8f59b4b8c7"},
    {file = "regex-2026.4.4-cp314-cp314-macosx_10_13_x86_64.whl", hash = "sha256:54a1189ad9d9357760557c91103d5e421f0a2dabe68a5cdf9103d0dcf4e00752"},
    {file = "regex-2026.4.4-cp314-cp314-macosx_11_0_arm64.whl", hash = "sha256:76d67d5afb1fe402d10a6403bae668d000441e2ab115191a804287d53b772951"},
    {file = "regex-2026.4.4-cp314-cp314-manylinux2014_aarch64.manylinux_2_17_aarch64.manylinux_2_28_aarch64.whl", hash = "sha256:e7cd3e4ee8d80447a83bbc9ab0c8459781fa77087f856c3e740d7763be0df27f"},
    {file = "regex-2026.4.4-cp314-cp314-manylinux2014_ppc64le.manylinux_2_17_ppc64le.manylinux_2_28_ppc64le.whl", hash = "sha256:2e19e18c568d2866d8b6a6dfad823db86193503f90823a8f66689315ba28fbe8"},
    {file = "regex-2026.4.4-cp314-cp314-manylinux2014_s390x.manylinux_2_17_s390x.manylinux_2_28_s390x.whl", hash = "sha256:7698a6f38730fd1385d390d1ed07bb13dce39aa616aca6a6d89bea178464b9a4"},
    {file = "regex-2026.4.4-cp314-cp314-manylinux2014_x86_64.manylinux_2_17_x86_64.manylinux_2_28_x86_64.whl", hash = "sha256:173a66f3651cdb761018078e2d9487f4cf971232c990035ec0eb1cdc6bf929a9"},
    {file = "regex-2026.4.4-cp314-cp314-manylinux_2_31_riscv64.manylinux_2_39_riscv64.whl", hash = "sha256:fa7922bbb2cc84fa062d37723f199d4c0cd200245ce269c05db82d904db66b83"},
    {file = "regex-2026.4.4-cp314-cp314-musllinux_1_2_aarch64.whl", hash = "sha256:59f67cd0a0acaf0e564c20bbd7f767286f23e91e2572c5703bf3e56ea7557edb"},
    {file = "regex-2026.4.4-cp314-cp314-musllinux_1_2_ppc64le.whl", hash = "sha256:475e50f3f73f73614f7cba5524d6de49dee269df00272a1b85e3d19f6d498465"},
    {file = "regex-2026.4.4-cp314-cp314-musllinux_1_2_riscv64.whl", hash = "sha256:a1c0c7d67b64d85ac2e1879923bad2f08a08f3004055f2f406ef73c850114bd4"},
    {file = "regex-2026.4.4-cp314-cp314-musllinux_1_2_s390x.whl", hash = "sha256:1371c2ccbb744d66ee63631cc9ca12aa233d5749972626b68fe1a649dd98e566"},
    {file = "regex-2026.4.4-cp314-cp314-musllinux_1_2_x86_64.whl", hash = "sha256:59968142787042db793348a3f5b918cf24ced1f23247328530e063f89c128a95"},
    {file = "regex-2026.4.4-cp314-cp314-win32.whl", hash = "sha256:59efe72d37fd5a91e373e5146f187f921f365f4abc1249a5ab446a60f30dd5f8"},
    {file = "regex-2026.4.4-cp314-cp314-win_amd64.whl", hash = "sha256:e0aab3ff447845049d676827d2ff714aab4f73f340e155b7de7458cf53baa5a4"},
    {file = "regex-2026.4.4-cp314-cp314-win_arm64.whl", hash = "sha256:a7a5bb6aa0cf62208bb4fa079b0c756734f8ad0e333b425732e8609bd51ee22f"},
    {file = "regex-2026.4.4-cp314-cp314t-macosx_10_13_universal2.whl", hash = "sha256:97850d0638391bdc7d35dc1c1039974dcb921eaafa8cc935ae4d7f272b1d60b3"},
    {file = "regex-2026.4.4-cp314-cp314t-macosx_10_13_x86_64.whl", hash = "sha256:ee7337f88f2a580679f7bbfe69dc86c043954f9f9c541012f49abc554a962f2e"},
    {file = "regex-2026.4.4-cp314-cp314t-macosx_11_0_arm64.whl", hash = "sha256:7429f4e6192c11d659900c0648ba8776243bf396ab95558b8c51a345afeddde6"},
    {file = "regex-2026.4.4-cp314-cp314t-manylinux2014_aarch64.manylinux_2_17_aarch64.manylinux_2_28_aarch64.whl", hash = "sha256:dc4f10fbd5dd13dcf4265b4cc07d69ca70280742870c97ae10093e3d66000359"},
    {file = "regex-2026.4.4-cp314-cp314t-manylinux2014_ppc64le.manylinux_2_17_ppc64le.manylinux_2_28_ppc64le.whl", hash = "sha256:a152560af4f9742b96f3827090f866eeec5becd4765c8e0d3473d9d280e76a5a"},
    {file = "regex-2026.4.4-cp314-cp314t-manylinux2014_s390x.manylinux_2_17_s390x.manylinux_2_28_s390x.whl", hash = "sha256:54170b3e95339f415d54651f97df3bff7434a663912f9358237941bbf9143f55"},
    {file = "regex-2026.4.4-cp314-cp314t-manylinux2014_x86_64.manylinux_2_17_x86_64.manylinux_2_28_x86_64.whl", hash = "sha256:07f190d65f5a72dcb9cf7106bfc3d21e7a49dd2879eda2207b683f32165e4d99"},
    {file = "regex-2026.4.4-cp314-cp314t-manylinux_2_31_riscv64.manylinux_2_39_riscv64.whl", hash = "sha256:9a2741ce5a29d3c84b0b94261ba630ab459a1b847a0d6beca7d62d188175c790"},
    {file = "regex-2026.4.4-cp314-cp314t-musllinux_1_2_aarch64.whl", hash = "sha256:b26c30df3a28fd9793113dac7385a4deb7294a06c0f760dd2b008bd49a9139bc"},
    {file = "regex-2026.4.4-cp314-cp314t-musllinux_1_2_ppc64le.whl", hash = "sha256:421439d1bee44b19f4583ccf42670ca464ffb90e9fdc38d37f39d1ddd1e44f1f"},
    {file = "regex-2026.4.4-cp314-cp314t-musllinux_1_2_riscv64.whl", hash = "sha256:b40379b53ecbc747fd9bdf4a0ea14eb8188ca1bd0f54f78893a39024b28f4863"},
    {file = "regex-2026.4.4-cp314-cp314t-musllinux_1_2_s390x.whl", hash = "sha256:08c55c13d2eef54f73eeadc33146fb0baaa49e7335eb1aff6ae1324bf0ddbe4a"},
    {file = "regex-2026.4.4-cp314-cp314t-musllinux_1_2_x86_64.whl", hash = "sha256:9776b85f510062f5a75ef112afe5f494ef1635607bf1cc220c1391e9ac2f5e81"},
    {file = "regex-2026.4.4-cp314-cp314t-win32.whl", hash = "sha256:385edaebde5db5be103577afc8699fea73a0e36a734ba24870be7ffa61119d74"},
    {file = "regex-2026.4.4-cp314-cp314t-win_amd64.whl", hash = "sha256:5d354b18839328927832e2fa5f7c95b7a3ccc39e7a681529e1685898e6436d45"},
    {file = "regex-2026.4.4-cp314-cp314t-win_arm64.whl", hash = "sha256:af0384cb01a33600c49505c27c6c57ab0b27bf84a74e28524c92ca897ebdac9d"},
    {file = "regex-2026.4.4.tar.gz", hash = "sha256:e08270659717f6973523ce3afbafa53515c4dc5dcad637dc215b6fd50f689423"},
]

[[package]]
name = "six"
version = "1.17.0"
description = "Python 2 and 3 compatibility utilities"
optional = false
python-versions = "!=3.0.*,!=3.1.*,!=3.2.*,>=2.7"
groups = ["main"]
files = [
    {file = "six-1.17.0-py2.py3-none-any.whl", hash = "sha256:4721f391ed90541fddacab5acf947aa0d3dc7d27b2e1e8eda2be8970586c3274"},
    {file = "six-1.17.0.tar.gz", hash = "sha256:ff70335d468e7eb6ec65b95b99d3a2836546063f63acc5171de367e834932a81"},
]

[[package]]
name = "sqlparse"
version = "0.5.5"
description = "A non-validating SQL parser."
optional = false
python-versions = ">=3.8"
groups = ["main"]
files = [
    {file = "sqlparse-0.5.5-py3-none-any.whl", hash = "sha256:12a08b3bf3eec877c519589833aed092e2444e68240a3577e8e26148acc7b1ba"},
    {file = "sqlparse-0.5.5.tar.gz", hash = "sha256:e20d4a9b0b8585fdf63b10d30066c7c94c5d7a7ec47c889a2d83a3caa93ff28e"},
]

[package.extras]
dev = ["build"]
doc = ["sphinx"]

[[package]]
name = "tqdm"
version = "4.67.3"
description = "Fast, Extensible Progress Meter"
optional = false
python-versions = ">=3.7"
groups = ["main"]
files = [
    {file = "tqdm-4.67.3-py3-none-any.whl", hash = "sha256:ee1e4c0e59148062281c49d80b25b67771a127c85fc9676d3be5f243206826bf"},
    {file = "tqdm-4.67.3.tar.gz", hash = "sha256:7d825f03f89244ef73f1d4ce193cb1774a8179fd96f31d7e1dcde62092b960bb"},
]

[package.dependencies]
colorama = {version = "*", markers = "platform_system == \"Windows\""}

[package.extras]
dev = ["nbval", "pytest (>=6)", "pytest-asyncio (>=0.24)", "pytest-cov", "pytest-timeout"]
discord = ["requests"]
notebook = ["ipywidgets (>=6)"]
slack = ["slack-sdk"]
telegram = ["requests"]

[[package]]
name = "tzdata"
version = "2026.2"
description = "Provider of IANA time zone data"
optional = false
python-versions = ">=2"
groups = ["main"]
markers = "sys_platform == \"win32\""
files = [
    {file = "tzdata-2026.2-py2.py3-none-any.whl", hash = "sha256:bbe9af844f658da81a5f95019480da3a89415801f6cc966806612cc7169bffe7"},
    {file = "tzdata-2026.2.tar.gz", hash = "sha256:9173fde7d80d9018e02a662e168e5a2d04f87c41ea174b139fbef642eda62d10"},
]

[metadata]
lock-version = "2.1"
python-versions = ">=3.13,<3.15"
content-hash = "2e37f7e435471ec1f66b128ae6a66d965a21c6077198e21fb582692fe86d9c75"
