# This file is automatically @generated by Poetry 2.3.2 and should not be changed by hand.

[[package]]
name = "asgiref"
version = "3.11.1"
description = "ASGI specs, helper code, and adapters"
optional = false
python-versions = ">=3.9"
groups = ["main"]
files = [
    {file = "asgiref-3.11.1-py3-none-any.whl", hash = "sha256:e8667a091e69529631969fd45dc268fa79b99c92c5fcdda727757e52146ec133"},
    {file = "asgiref-3.11.1.tar.gz", hash = "sha256:5f184dc43b7e763efe848065441eac62229c9f7b0475f41f80e207a114eda4ce"},
]

[package.extras]
tests = ["mypy (>=1.14.0)", "pytest", "pytest-asyncio"]

[[package]]
name = "click"
version = "8.3.1"
description = "Composable command line interface toolkit"
optional = false
python-versions = ">=3.10"
groups = ["main"]
files = [
    {file = "click-8.3.1-py3-none-any.whl", hash = "sha256:981153a64e25f12d547d3426c367a4857371575ee7ad18df2a6183ab0545b2a6"},
    {file = "click-8.3.1.tar.gz", hash = "sha256:12ff4785d337a1bb490bb7e9c2b1ee5da3112e94a8622f26a6c77f5d2fc6842a"},
]

[package.dependencies]
colorama = {version = "*", markers = "platform_system == \"Windows\""}

[[package]]
name = "colorama"
version = "0.4.6"
description = "Cross-platform colored terminal text."
optional = false
python-versions = "!=3.0.*,!=3.1.*,!=3.2.*,!=3.3.*,!=3.4.*,!=3.5.*,!=3.6.*,>=2.7"
groups = ["main"]
files = [
    {file = "colorama-0.4.6-py2.py3-none-any.whl", hash = "sha256:4f1d9991f5acc0ca119f9d443620b77f9d6b33703e51011c16baf57afb285fc6"},
    {file = "colorama-0.4.6.tar.gz", hash = "sha256:08695f5cb7ed6e0531a20572697297273c47b8cae5a63ffc6d6ed5c201be6e44"},
]

[[package]]
name = "cssbeautifier"
version = "1.15.4"
description = "CSS unobfuscator and beautifier."
optional = false
python-versions = "*"
groups = ["main"]
files = [
    {file = "cssbeautifier-1.15.4-py3-none-any.whl", hash = "sha256:78c84d5e5378df7d08622bbd0477a1abdbd209680e95480bf22f12d5701efc98"},
    {file = "cssbeautifier-1.15.4.tar.gz", hash = "sha256:9bb08dc3f64c101a01677f128acf01905914cf406baf87434dcde05b74c0acf5"},
]

[package.dependencies]
editorconfig = ">=0.12.2"
jsbeautifier = "*"
six = ">=1.13.0"

[[package]]
name = "django"
version = "5.2.12"
description = "A high-level Python web framework that encourages rapid development and clean, pragmatic design."
optional = false
python-versions = ">=3.10"
groups = ["main"]
files = [
    {file = "django-5.2.12-py3-none-any.whl", hash = "sha256:4853482f395c3a151937f6991272540fcbf531464f254a347bf7c89f53c8cff7"},
    {file = "django-5.2.12.tar.gz", hash = "sha256:6b809af7165c73eff5ce1c87fdae75d4da6520d6667f86401ecf55b681eb1eeb"},
]

[package.dependencies]
asgiref = ">=3.8.1"
sqlparse = ">=0.3.1"
tzdata = {version = "*", markers = "sys_platform == \"win32\""}

[package.extras]
argon2 = ["argon2-cffi (>=19.1.0)"]
bcrypt = ["bcrypt"]

[[package]]
name = "django-debug-toolbar"
version = "6.2.0"
description = "A configurable set of panels that display various debug information about the current request/response."
optional = false
python-versions = ">=3.10"
groups = ["main"]
files = [
    {file = "django_debug_toolbar-6.2.0-py3-none-any.whl", hash = "sha256:1575461954e6befa720e999dec13fe4f1cc8baf40b6c3ac2aec5f340c0f9c85f"},
    {file = "django_debug_toolbar-6.2.0.tar.gz", hash = "sha256:dc1c174d8fb0ea01435e02d9ceef735cf62daf37c1a6a5692d33b4127327679b"},
]

[package.dependencies]
django = ">=4.2.9"
sqlparse = ">=0.2"

[[package]]
name = "djlint"
version = "1.36.4"
description = "HTML Template Linter and Formatter"
optional = false
python-versions = ">=3.9"
groups = ["main"]
files = [
    {file = "djlint-1.36.4-cp310-cp310-macosx_10_9_x86_64.whl", hash = "sha256:a2dfb60883ceb92465201bfd392291a7597c6752baede6fbb6f1980cac8d6c5c"},
    {file = "djlint-1.36.4-cp310-cp310-macosx_11_0_arm64.whl", hash = "sha256:4bc6a1320c0030244b530ac200642f883d3daa451a115920ef3d56d08b644292"},
    {file = "djlint-1.36.4-cp310-cp310-manylinux_2_17_x86_64.manylinux2014_x86_64.manylinux_2_28_x86_64.whl", hash = "sha256:3164a048c7bb0baf042387b1e33f9bbbf99d90d1337bb4c3d66eb0f96f5400a1"},
    {file = "djlint-1.36.4-cp310-cp310-win_amd64.whl", hash = "sha256:3196d5277da5934962d67ad6c33a948ba77a7b6eadf064648bef6ee5f216b03c"},
    {file = "djlint-1.36.4-cp311-cp311-macosx_10_9_x86_64.whl", hash = "sha256:3d68da0ed10ee9ca1e32e225cbb8e9b98bf7e6f8b48a8e4836117b6605b88cc7"},
    {file = "djlint-1.36.4-cp311-cp311-macosx_11_0_arm64.whl", hash = "sha256:c0478d5392247f1e6ee29220bbdbf7fb4e1bc0e7e83d291fda6fb926c1787ba7"},
    {file = "djlint-1.36.4-cp311-cp311-manylinux_2_17_x86_64.manylinux2014_x86_64.manylinux_2_28_x86_64.whl", hash = "sha256:962f7b83aee166e499eff916d631c6dde7f1447d7610785a60ed2a75a5763483"},
    {file = "djlint-1.36.4-cp311-cp311-win_amd64.whl", hash = "sha256:53cbc450aa425c832f09bc453b8a94a039d147b096740df54a3547fada77ed08"},
    {file = "djlint-1.36.4-cp312-cp312-macosx_10_13_x86_64.whl", hash = "sha256:ff9faffd7d43ac20467493fa71d5355b5b330a00ade1c4d1e859022f4195223b"},
    {file = "djlint-1.36.4-cp312-cp312-macosx_11_0_arm64.whl", hash = "sha256:79489e262b5ac23a8dfb7ca37f1eea979674cfc2d2644f7061d95bea12c38f7e"},
    {file = "djlint-1.36.4-cp312-cp312-manylinux_2_17_x86_64.manylinux2014_x86_64.manylinux_2_28_x86_64.whl", hash = "sha256:e58c5fa8c6477144a0be0a87273706a059e6dd0d6efae01146ae8c29cdfca675"},
    {file = "djlint-1.36.4-cp312-cp312-win_amd64.whl", hash = "sha256:bb6903777bf3124f5efedcddf1f4716aef097a7ec4223fc0fa54b865829a6e08"},
    {file = "djlint-1.36.4-cp313-cp313-macosx_10_13_x86_64.whl", hash = "sha256:ead475013bcac46095b1bbc8cf97ed2f06e83422335734363f8a76b4ba7e47c2"},
    {file = "djlint-1.36.4-cp313-cp313-macosx_11_0_arm64.whl", hash = "sha256:6c601dfa68ea253311deb4a29a7362b7a64933bdfcfb5a06618f3e70ad1fa835"},
    {file = "djlint-1.36.4-cp313-cp313-manylinux_2_17_x86_64.manylinux2014_x86_64.manylinux_2_28_x86_64.whl", hash = "sha256:bda5014f295002363381969864addeb2db13955f1b26e772657c3b273ed7809f"},
    {file = "djlint-1.36.4-cp313-cp313-win_amd64.whl", hash = "sha256:16ce37e085afe5a30953b2bd87cbe34c37843d94c701fc68a2dda06c1e428ff4"},
    {file = "djlint-1.36.4-cp39-cp39-macosx_10_9_x86_64.whl", hash = "sha256:89678661888c03d7bc6cadd75af69db29962b5ecbf93a81518262f5c48329f04"},
    {file = "djlint-1.36.4-cp39-cp39-macosx_11_0_arm64.whl", hash = "sha256:5b01a98df3e1ab89a552793590875bc6e954cad661a9304057db75363d519fa0"},
    {file = "djlint-1.36.4-cp39-cp39-manylinux_2_17_x86_64.manylinux2014_x86_64.manylinux_2_28_x86_64.whl", hash = "sha256:dabbb4f7b93223d471d09ae34ed515fef98b2233cbca2449ad117416c44b1351"},
    {file = "djlint-1.36.4-cp39-cp39-win_amd64.whl", hash = "sha256:7a483390d17e44df5bc23dcea29bdf6b63f3ed8b4731d844773a4829af4f5e0b"},
    {file = "djlint-1.36.4-py3-none-any.whl", hash = "sha256:e9699b8ac3057a6ed04fb90835b89bee954ed1959c01541ce4f8f729c938afdd"},
    {file = "djlint-1.36.4.tar.gz", hash = "sha256:17254f218b46fe5a714b224c85074c099bcb74e3b2e1f15c2ddc2cf415a408a1"},
]

[package.dependencies]
click = ">=8.0.1"
colorama = ">=0.4.4"
cssbeautifier = ">=1.14.4"
jsbeautifier = ">=1.14.4"
json5 = ">=0.9.11"
pathspec = ">=0.12"
pyyaml = ">=6"
regex = ">=2023"
tqdm = ">=4.62.2"

[[package]]
name = "editorconfig"
version = "0.17.1"
description = "EditorConfig File Locator and Interpreter for Python"
optional = false
python-versions = ">=3.9"
groups = ["main"]
files = [
    {file = "editorconfig-0.17.1-py3-none-any.whl", hash = "sha256:1eda9c2c0db8c16dbd50111b710572a5e6de934e39772de1959d41f64fc17c82"},
    {file = "editorconfig-0.17.1.tar.gz", hash = "sha256:23c08b00e8e08cc3adcddb825251c497478df1dada6aefeb01e626ad37303745"},
]

[package.extras]
dev = ["mypy (>=1.15)"]

[[package]]
name = "gunicorn"
version = "23.0.0"
description = "WSGI HTTP Server for UNIX"
optional = false
python-versions = ">=3.7"
groups = ["main"]
files = [
    {file = "gunicorn-23.0.0-py3-none-any.whl", hash = "sha256:ec400d38950de4dfd418cff8328b2c8faed0edb0d517d3394e457c317908ca4d"},
    {file = "gunicorn-23.0.0.tar.gz", hash = "sha256:f014447a0101dc57e294f6c18ca6b40227a4c90e9bdb586042628030cba004ec"},
]

[package.dependencies]
packaging = "*"

[package.extras]
eventlet = ["eventlet (>=0.24.1,!=0.36.0)"]
gevent = ["gevent (>=1.4.0)"]
setproctitle = ["setproctitle"]
testing = ["coverage", "eventlet", "gevent", "pytest", "pytest-cov"]
tornado = ["tornado (>=0.2)"]

[[package]]
name = "jsbeautifier"
version = "1.15.4"
description = "JavaScript unobfuscator and beautifier."
optional = false
python-versions = "*"
groups = ["main"]
files = [
    {file = "jsbeautifier-1.15.4-py3-none-any.whl", hash = "sha256:72f65de312a3f10900d7685557f84cb61a9733c50dcc27271a39f5b0051bf528"},
    {file = "jsbeautifier-1.15.4.tar.gz", hash = "sha256:5bb18d9efb9331d825735fbc5360ee8f1aac5e52780042803943aa7f854f7592"},
]

[package.dependencies]
editorconfig = ">=0.12.2"
six = ">=1.13.0"

[[package]]
name = "json5"
version = "0.13.0"
description = "A Python implementation of the JSON5 data format."
optional = false
python-versions = ">=3.8.0"
groups = ["main"]
files = [
    {file = "json5-0.13.0-py3-none-any.whl", hash = "sha256:9a08e1dd65f6a4d4c6fa82d216cf2477349ec2346a38fd70cc11d2557499fbcc"},
    {file = "json5-0.13.0.tar.gz", hash = "sha256:b1edf8d487721c0bf64d83c28e91280781f6e21f4a797d3261c7c828d4c165bf"},
]

[[package]]
name = "packaging"
version = "26.0"
description = "Core utilities for Python packages"
optional = false
python-versions = ">=3.8"
groups = ["main"]
files = [
    {file = "packaging-26.0-py3-none-any.whl", hash = "sha256:b36f1fef9334a5588b4166f8bcd26a14e521f2b55e6b9de3aaa80d3ff7a37529"},
    {file = "packaging-26.0.tar.gz", hash = "sha256:00243ae351a257117b6a241061796684b084ed1c516a08c48a3f7e147a9d80b4"},
]

[[package]]
name = "pathspec"
version = "1.0.4"
description = "Utility library for gitignore style pattern matching of file paths."
optional = false
python-versions = ">=3.9"
groups = ["main"]
files = [
    {file = "pathspec-1.0.4-py3-none-any.whl", hash = "sha256:fb6ae2fd4e7c921a165808a552060e722767cfa526f99ca5156ed2ce45a5c723"},
    {file = "pathspec-1.0.4.tar.gz", hash = "sha256:0210e2ae8a21a9137c0d470578cb0e595af87edaa6ebf12ff176f14a02e0e645"},
]

[package.extras]
hyperscan = ["hyperscan (>=0.7)"]
optional = ["typing-extensions (>=4)"]
re2 = ["google-re2 (>=1.1)"]
tests = ["pytest (>=9)", "typing-extensions (>=4.15)"]

[[package]]
name = "python-dotenv"
version = "1.2.2"
description = "Read key-value pairs from a .env file and set them as environment variables"
optional = false
python-versions = ">=3.10"
groups = ["main"]
files = [
    {file = "python_dotenv-1.2.2-py3-none-any.whl", hash = "sha256:1d8214789a24de455a8b8bd8ae6fe3c6b69a5e3d64aa8a8e5d68e694bbcb285a"},
    {file = "python_dotenv-1.2.2.tar.gz", hash = "sha256:2c371a91fbd7ba082c2c1dc1f8bf89ca22564a087c2c287cd9b662adde799cf3"},
]

[package.extras]
cli = ["click (>=5.0)"]

[[package]]
name = "pyyaml"
version = "6.0.3"
description = "YAML parser and emitter for Python"
optional = false
python-versions = ">=3.8"
groups = ["main"]
files = [
    {file = "PyYAML-6.0.3-cp38-cp38-macosx_10_13_x86_64.whl", hash = "sha256:c2514fceb77bc5e7a2f7adfaa1feb2fb311607c9cb518dbc378688ec73d8292f"},
    {file = "PyYAML-6.0.3-cp38-cp38-manylinux2014_aarch64.manylinux_2_17_aarch64.manylinux_2_28_aarch64.whl", hash = "sha256:9c57bb8c96f6d1808c030b1687b9b5fb476abaa47f0db9c0101f5e9f394e97f4"},
    {file = "PyYAML-6.0.3-cp38-cp38-manylinux2014_s390x.manylinux_2_17_s390x.manylinux_2_28_s390x.whl", hash = "sha256:efd7b85f94a6f21e4932043973a7ba2613b059c4a000551892ac9f1d11f5baf3"},
    {file = "PyYAML-6.0.3-cp38-cp38-manylinux2014_x86_64.manylinux_2_17_x86_64.manylinux_2_28_x86_64.whl", hash = "sha256:22ba7cfcad58ef3ecddc7ed1db3409af68d023b7f940da23c6c2a1890976eda6"},
    {file = "PyYAML-6.0.3-cp38-cp38-musllinux_1_2_x86_64.whl", hash = "sha256:6344df0d5755a2c9a276d4473ae6b90647e216ab4757f8426893b5dd2ac3f369"},
    {file = "PyYAML-6.0.3-cp38-cp38-win32.whl", hash = "sha256:3ff07ec89bae51176c0549bc4c63aa6202991da2d9a6129d7aef7f1407d3f295"},
    {file = "PyYAML-6.0.3-cp38-cp38-win_amd64.whl", hash = "sha256:5cf4e27da7e3fbed4d6c3d8e797387aaad68102272f8f9752883bc32d61cb87b"},
    {file = "pyyaml-6.0.3-cp310-cp310-macosx_10_13_x86_64.whl", hash = "sha256:214ed4befebe12df36bcc8bc2b64b396ca31be9304b8f59e25c11cf94a4c033b"},
    {file = "pyyaml-6.0.3-cp310-cp310-macosx_11_0_arm64.whl", hash = "sha256:02ea2dfa234451bbb8772601d7b8e426c2bfa197136796224e50e35a78777956"},
    {file = "pyyaml-6.0.3-cp310-cp310-manylinux2014_aarch64.manylinux_2_17_aarch64.manylinux_2_28_aarch64.whl", hash = "sha256:b30236e45cf30d2b8e7b3e85881719e98507abed1011bf463a8fa23e9c3e98a8"},
    {file = "pyyaml-6.0.3-cp310-cp310-manylinux2014_s390x.manylinux_2_17_s390x.manylinux_2_28_s390x.whl", hash = "sha256:66291b10affd76d76f54fad28e22e51719ef9ba22b29e1d7d03d6777a9174198"},
    {file = "pyyaml-6.0.3-cp310-cp310-manylinux2014_x86_64.manylinux_2_17_x86_64.manylinux_2_28_x86_64.whl", hash = "sha256:9c7708761fccb9397fe64bbc0395abcae8c4bf7b0eac081e12b809bf47700d0b"},
    {file = "pyyaml-6.0.3-cp310-cp310-musllinux_1_2_aarch64.whl", hash = "sha256:418cf3f2111bc80e0933b2cd8cd04f286338bb88bdc7bc8e6dd775ebde60b5e0"},
    {file = "pyyaml-6.0.3-cp310-cp310-musllinux_1_2_x86_64.whl", hash = "sha256:5e0b74767e5f8c593e8c9b5912019159ed0533c70051e9cce3e8b6aa699fcd69"},
    {file = "pyyaml-6.0.3-cp310-cp310-win32.whl", hash = "sha256:28c8d926f98f432f88adc23edf2e6d4921ac26fb084b028c733d01868d19007e"},
    {file = "pyyaml-6.0.3-cp310-cp310-win_amd64.whl", hash = "sha256:bdb2c67c6c1390b63c6ff89f210c8fd09d9a1217a465701eac7316313c915e4c"},
    {file = "pyyaml-6.0.3-cp311-cp311-macosx_10_13_x86_64.whl", hash = "sha256:44edc647873928551a01e7a563d7452ccdebee747728c1080d881d68af7b997e"},
    {file = "pyyaml-6.0.3-cp311-cp311-macosx_11_0_arm64.whl", hash = "sha256:652cb6edd41e718550aad172851962662ff2681490a8a711af6a4d288dd96824"},
    {file = "pyyaml-6.0.3-cp311-cp311-manylinux2014_aarch64.manylinux_2_17_aarch64.manylinux_2_28_aarch64.whl", hash = "sha256:10892704fc220243f5305762e276552a0395f7beb4dbf9b14ec8fd43b57f126c"},
    {file = "pyyaml-6.0.3-cp311-cp311-manylinux2014_s390x.manylinux_2_17_s390x.manylinux_2_28_s390x.whl", hash = "sha256:850774a7879607d3a6f50d36d04f00ee69e7fc816450e5f7e58d7f17f1ae5c00"},
    {file = "pyyaml-6.0.3-cp311-cp311-manylinux2014_x86_64.manylinux_2_17_x86_64.manylinux_2_28_x86_64.whl", hash = "sha256:b8bb0864c5a28024fac8a632c443c87c5aa6f215c0b126c449ae1a150412f31d"},
    {file = "pyyaml-6.0.3-cp311-cp311-musllinux_1_2_aarch64.whl", hash = "sha256:1d37d57ad971609cf3c53ba6a7e365e40660e3be0e5175fa9f2365a379d6095a"},
    {file = "pyyaml-6.0.3-cp311-cp311-musllinux_1_2_x86_64.whl", hash = "sha256:37503bfbfc9d2c40b344d06b2199cf0e96e97957ab1c1b546fd4f87e53e5d3e4"},
    {file = "pyyaml-6.0.3-cp311-cp311-win32.whl", hash = "sha256:8098f252adfa6c80ab48096053f512f2321f0b998f98150cea9bd23d83e1467b"},
    {file = "pyyaml-6.0.3-cp311-cp311-win_amd64.whl", hash = "sha256:9f3bfb4965eb874431221a3ff3fdcddc7e74e3b07799e0e84ca4a0f867d449bf"},
    {file = "pyyaml-6.0.3-cp312-cp312-macosx_10_13_x86_64.whl", hash = "sha256:7f047e29dcae44602496db43be01ad42fc6f1cc0d8cd6c83d342306c32270196"},
    {file = "pyyaml-6.0.3-cp312-cp312-macosx_11_0_arm64.whl", hash = "sha256:fc09d0aa354569bc501d4e787133afc08552722d3ab34836a80547331bb5d4a0"},
    {file = "pyyaml-6.0.3-cp312-cp312-manylinux2014_aarch64.manylinux_2_17_aarch64.manylinux_2_28_aarch64.whl", hash = "sha256:9149cad251584d5fb4981be1ecde53a1ca46c891a79788c0df828d2f166bda28"},
    {file = "pyyaml-6.0.3-cp312-cp312-manylinux2014_s390x.manylinux_2_17_s390x.manylinux_2_28_s390x.whl", hash = "sha256:5fdec68f91a0c6739b380c83b951e2c72ac0197ace422360e6d5a959d8d97b2c"},
    {file = "pyyaml-6.0.3-cp312-cp312-manylinux2014_x86_64.manylinux_2_17_x86_64.manylinux_2_28_x86_64.whl", hash = "sha256:ba1cc08a7ccde2d2ec775841541641e4548226580ab850948cbfda66a1befcdc"},
    {file = "pyyaml-6.0.3-cp312-cp312-musllinux_1_2_aarch64.whl", hash = "sha256:8dc52c23056b9ddd46818a57b78404882310fb473d63f17b07d5c40421e47f8e"},
    {file = "pyyaml-6.0.3-cp312-cp312-musllinux_1_2_x86_64.whl", hash = "sha256:41715c910c881bc081f1e8872880d3c650acf13dfa8214bad49ed4cede7c34ea"},
    {file = "pyyaml-6.0.3-cp312-cp312-win32.whl", hash = "sha256:96b533f0e99f6579b3d4d4995707cf36df9100d67e0c8303a0c55b27b5f99bc5"},
    {file = "pyyaml-6.0.3-cp312-cp312-win_amd64.whl", hash = "sha256:5fcd34e47f6e0b794d17de1b4ff496c00986e1c83f7ab2fb8fcfe9616ff7477b"},
    {file = "pyyaml-6.0.3-cp312-cp312-win_arm64.whl", hash = "sha256:64386e5e707d03a7e172c0701abfb7e10f0fb753ee1d773128192742712a98fd"},
    {file = "pyyaml-6.0.3-cp313-cp313-macosx_10_13_x86_64.whl", hash = "sha256:8da9669d359f02c0b91ccc01cac4a67f16afec0dac22c2ad09f46bee0697eba8"},
    {file = "pyyaml-6.0.3-cp313-cp313-macosx_11_0_arm64.whl", hash = "sha256:2283a07e2c21a2aa78d9c4442724ec1eb15f5e42a723b99cb3d822d48f5f7ad1"},
    {file = "pyyaml-6.0.3-cp313-cp313-manylinux2014_aarch64.manylinux_2_17_aarch64.manylinux_2_28_aarch64.whl", hash = "sha256:ee2922902c45ae8ccada2c5b501ab86c36525b883eff4255313a253a3160861c"},
    {file = "pyyaml-6.0.3-cp313-cp313-manylinux2014_s390x.manylinux_2_17_s390x.manylinux_2_28_s390x.whl", hash = "sha256:a33284e20b78bd4a18c8c2282d549d10bc8408a2a7ff57653c0cf0b9be0afce5"},
    {file = "pyyaml-6.0.3-cp313-cp313-manylinux2014_x86_64.manylinux_2_17_x86_64.manylinux_2_28_x86_64.whl", hash = "sha256:0f29edc409a6392443abf94b9cf89ce99889a1dd5376d94316ae5145dfedd5d6"},
    {file = "pyyaml-6.0.3-cp313-cp313-musllinux_1_2_aarch64.whl", hash = "sha256:f7057c9a337546edc7973c0d3ba84ddcdf0daa14533c2065749c9075001090e6"},
    {file = "pyyaml-6.0.3-cp313-cp313-musllinux_1_2_x86_64.whl", hash = "sha256:eda16858a3cab07b80edaf74336ece1f986ba330fdb8ee0d6c0d68fe82bc96be"},
    {file = "pyyaml-6.0.3-cp313-cp313-win32.whl", hash = "sha256:d0eae10f8159e8fdad514efdc92d74fd8d682c933a6dd088030f3834bc8e6b26"},
    {file = "pyyaml-6.0.3-cp313-cp313-win_amd64.whl", hash = "sha256:79005a0d97d5ddabfeeea4cf676af11e647e41d81c9a7722a193022accdb6b7c"},
    {file = "pyyaml-6.0.3-cp313-cp313-win_arm64.whl", hash = "sha256:5498cd1645aa724a7c71c8f378eb29ebe23da2fc0d7a08071d89469bf1d2defb"},
    {file = "pyyaml-6.0.3-cp314-cp314-macosx_10_13_x86_64.whl", hash = "sha256:8d1fab6bb153a416f9aeb4b8763bc0f22a5586065f86f7664fc23339fc1c1fac"},
    {file = "pyyaml-6.0.3-cp314-cp314-macosx_11_0_arm64.whl", hash = "sha256:34d5fcd24b8445fadc33f9cf348c1047101756fd760b4dacb5c3e99755703310"},
    {file = "pyyaml-6.0.3-cp314-cp314-manylinux2014_aarch64.manylinux_2_17_aarch64.manylinux_2_28_aarch64.whl", hash = "sha256:501a031947e3a9025ed4405a168e6ef5ae3126c59f90ce0cd6f2bfc477be31b7"},
    {file = "pyyaml-6.0.3-cp314-cp314-manylinux2014_s390x.manylinux_2_17_s390x.manylinux_2_28_s390x.whl", hash = "sha256:b3bc83488de33889877a0f2543ade9f70c67d66d9ebb4ac959502e12de895788"},
    {file = "pyyaml-6.0.3-cp314-cp314-manylinux2014_x86_64.manylinux_2_17_x86_64.manylinux_2_28_x86_64.whl", hash = "sha256:c458b6d084f9b935061bc36216e8a69a7e293a2f1e68bf956dcd9e6cbcd143f5"},
    {file = "pyyaml-6.0.3-cp314-cp314-musllinux_1_2_aarch64.whl", hash = "sha256:7c6610def4f163542a622a73fb39f534f8c101d690126992300bf3207eab9764"},
    {file = "pyyaml-6.0.3-cp314-cp314-musllinux_1_2_x86_64.whl", hash = "sha256:5190d403f121660ce8d1d2c1bb2ef1bd05b5f68533fc5c2ea899bd15f4399b35"},
    {file = "pyyaml-6.0.3-cp314-cp314-win_amd64.whl", hash = "sha256:4a2e8cebe2ff6ab7d1050ecd59c25d4c8bd7e6f400f5f82b96557ac0abafd0ac"},
    {file = "pyyaml-6.0.3-cp314-cp314-win_arm64.whl", hash = "sha256:93dda82c9c22deb0a405ea4dc5f2d0cda384168e466364dec6255b293923b2f3"},
    {file = "pyyaml-6.0.3-cp314-cp314t-macosx_10_13_x86_64.whl", hash = "sha256:02893d100e99e03eda1c8fd5c441d8c60103fd175728e23e431db1b589cf5ab3"},
    {file = "pyyaml-6.0.3-cp314-cp314t-macosx_11_0_arm64.whl", hash = "sha256:c1ff362665ae507275af2853520967820d9124984e0f7466736aea23d8611fba"},
    {file = "pyyaml-6.0.3-cp314-cp314t-manylinux2014_aarch64.manylinux_2_17_aarch64.manylinux_2_28_aarch64.whl", hash = "sha256:6adc77889b628398debc7b65c073bcb99c4a0237b248cacaf3fe8a557563ef6c"},
    {file = "pyyaml-6.0.3-cp314-cp314t-manylinux2014_s390x.manylinux_2_17_s390x.manylinux_2_28_s390x.whl", hash = "sha256:a80cb027f6b349846a3bf6d73b5e95e782175e52f22108cfa17876aaeff93702"},
    {file = "pyyaml-6.0.3-cp314-cp314t-manylinux2014_x86_64.manylinux_2_17_x86_64.manylinux_2_28_x86_64.whl", hash = "sha256:00c4bdeba853cc34e7dd471f16b4114f4162dc03e6b7afcc2128711f0eca823c"},
    {file = "pyyaml-6.0.3-cp314-cp314t-musllinux_1_2_aarch64.whl", hash = "sha256:66e1674c3ef6f541c35191caae2d429b967b99e02040f5ba928632d9a7f0f065"},
    {file = "pyyaml-6.0.3-cp314-cp314t-musllinux_1_2_x86_64.whl", hash = "sha256:16249ee61e95f858e83976573de0f5b2893b3677ba71c9dd36b9cf8be9ac6d65"},
    {file = "pyyaml-6.0.3-cp314-cp314t-win_amd64.whl", hash = "sha256:4ad1906908f2f5ae4e5a8ddfce73c320c2a1429ec52eafd27138b7f1cbe341c9"},
    {file = "pyyaml-6.0.3-cp314-cp314t-win_arm64.whl", hash = "sha256:ebc55a14a21cb14062aa4162f906cd962b28e2e9ea38f9b4391244cd8de4ae0b"},
    {file = "pyyaml-6.0.3-cp39-cp39-macosx_10_13_x86_64.whl", hash = "sha256:b865addae83924361678b652338317d1bd7e79b1f4596f96b96c77a5a34b34da"},
    {file = "pyyaml-6.0.3-cp39-cp39-macosx_11_0_arm64.whl", hash = "sha256:c3355370a2c156cffb25e876646f149d5d68f5e0a3ce86a5084dd0b64a994917"},
    {file = "pyyaml-6.0.3-cp39-cp39-manylinux2014_aarch64.manylinux_2_17_aarch64.manylinux_2_28_aarch64.whl", hash = "sha256:3c5677e12444c15717b902a5798264fa7909e41153cdf9ef7ad571b704a63dd9"},
    {file = "pyyaml-6.0.3-cp39-cp39-manylinux2014_s390x.manylinux_2_17_s390x.manylinux_2_28_s390x.whl", hash = "sha256:5ed875a24292240029e4483f9d4a4b8a1ae08843b9c54f43fcc11e404532a8a5"},
    {file = "pyyaml-6.0.3-cp39-cp39-manylinux2014_x86_64.manylinux_2_17_x86_64.manylinux_2_28_x86_64.whl", hash = "sha256:0150219816b6a1fa26fb4699fb7daa9caf09eb1999f3b70fb6e786805e80375a"},
    {file = "pyyaml-6.0.3-cp39-cp39-musllinux_1_2_aarch64.whl", hash = "sha256:fa160448684b4e94d80416c0fa4aac48967a969efe22931448d853ada8baf926"},
    {file = "pyyaml-6.0.3-cp39-cp39-musllinux_1_2_x86_64.whl", hash = "sha256:27c0abcb4a5dac13684a37f76e701e054692a9b2d3064b70f5e4eb54810553d7"},
    {file = "pyyaml-6.0.3-cp39-cp39-win32.whl", hash = "sha256:1ebe39cb5fc479422b83de611d14e2c0d3bb2a18bbcb01f229ab3cfbd8fee7a0"},
    {file = "pyyaml-6.0.3-cp39-cp39-win_amd64.whl", hash = "sha256:2e71d11abed7344e42a8849600193d15b6def118602c4c176f748e4583246007"},
    {file = "pyyaml-6.0.3.tar.gz", hash = "sha256:d76623373421df22fb4cf8817020cbb7ef15c725b9d5e45f17e189bfc384190f"},
]

[[package]]
name = "regex"
version = "2026.2.28"
description = "Alternative regular expression module, to replace re."
optional = false
python-versions = ">=3.10"
groups = ["main"]
files = [
    {file = "regex-2026.2.28-cp310-cp310-macosx_10_9_universal2.whl", hash = "sha256:fc48c500838be6882b32748f60a15229d2dea96e59ef341eaa96ec83538f498d"},
    {file = "regex-2026.2.28-cp310-cp310-macosx_10_9_x86_64.whl", hash = "sha256:2afa673660928d0b63d84353c6c08a8a476ddfc4a47e11742949d182e6863ce8"},
    {file = "regex-2026.2.28-cp310-cp310-macosx_11_0_arm64.whl", hash = "sha256:7ab218076eb0944549e7fe74cf0e2b83a82edb27e81cc87411f76240865e04d5"},
    {file = "regex-2026.2.28-cp310-cp310-manylinux2014_aarch64.manylinux_2_17_aarch64.manylinux_2_28_aarch64.whl", hash = "sha256:94d63db12e45a9b9f064bfe4800cefefc7e5f182052e4c1b774d46a40ab1d9bb"},
    {file = "regex-2026.2.28-cp310-cp310-manylinux2014_ppc64le.manylinux_2_17_ppc64le.manylinux_2_28_ppc64le.whl", hash = "sha256:195237dc327858a7721bf8b0bbbef797554bc13563c3591e91cd0767bacbe359"},
    {file = "regex-2026.2.28-cp310-cp310-manylinux2014_s390x.manylinux_2_17_s390x.manylinux_2_28_s390x.whl", hash = "sha256:b387a0d092dac157fb026d737dde35ff3e49ef27f285343e7c6401851239df27"},
    {file = "regex-2026.2.28-cp310-cp310-manylinux2014_x86_64.manylinux_2_17_x86_64.manylinux_2_28_x86_64.whl", hash = "sha256:3935174fa4d9f70525a4367aaff3cb8bc0548129d114260c29d9dfa4a5b41692"},
    {file = "regex-2026.2.28-cp310-cp310-manylinux2014_x86_64.manylinux_2_17_x86_64.whl", hash = "sha256:2b2b23587b26496ff5fd40df4278becdf386813ec00dc3533fa43a4cf0e2ad3c"},
    {file = "regex-2026.2.28-cp310-cp310-manylinux_2_31_riscv64.manylinux_2_39_riscv64.whl", hash = "sha256:3b24bd7e9d85dc7c6a8bd2aa14ecd234274a0248335a02adeb25448aecdd420d"},
    {file = "regex-2026.2.28-cp310-cp310-musllinux_1_2_aarch64.whl", hash = "sha256:bd477d5f79920338107f04aa645f094032d9e3030cc55be581df3d1ef61aa318"},
    {file = "regex-2026.2.28-cp310-cp310-musllinux_1_2_ppc64le.whl", hash = "sha256:b49eb78048c6354f49e91e4b77da21257fecb92256b6d599ae44403cab30b05b"},
    {file = "regex-2026.2.28-cp310-cp310-musllinux_1_2_riscv64.whl", hash = "sha256:a25c7701e4f7a70021db9aaf4a4a0a67033c6318752146e03d1b94d32006217e"},
    {file = "regex-2026.2.28-cp310-cp310-musllinux_1_2_s390x.whl", hash = "sha256:9dd450db6458387167e033cfa80887a34c99c81d26da1bf8b0b41bf8c9cac88e"},
    {file = "regex-2026.2.28-cp310-cp310-musllinux_1_2_x86_64.whl", hash = "sha256:2954379dd20752e82d22accf3ff465311cbb2bac6c1f92c4afd400e1757f7451"},
    {file = "regex-2026.2.28-cp310-cp310-win32.whl", hash = "sha256:1f8b17be5c27a684ea6759983c13506bd77bfc7c0347dff41b18ce5ddd2ee09a"},
    {file = "regex-2026.2.28-cp310-cp310-win_amd64.whl", hash = "sha256:dd8847c4978bc3c7e6c826fb745f5570e518b8459ac2892151ce6627c7bc00d5"},
    {file = "regex-2026.2.28-cp310-cp310-win_arm64.whl", hash = "sha256:73cdcdbba8028167ea81490c7f45280113e41db2c7afb65a276f4711fa3bcbff"},
    {file = "regex-2026.2.28-cp311-cp311-macosx_10_9_universal2.whl", hash = "sha256:e621fb7c8dc147419b28e1702f58a0177ff8308a76fa295c71f3e7827849f5d9"},
    {file = "regex-2026.2.28-cp311-cp311-macosx_10_9_x86_64.whl", hash = "sha256:0d5bef2031cbf38757a0b0bc4298bb4824b6332d28edc16b39247228fbdbad97"},
    {file = "regex-2026.2.28-cp311-cp311-macosx_11_0_arm64.whl", hash = "sha256:bcb399ed84eabf4282587ba151f2732ad8168e66f1d3f85b1d038868fe547703"},
    {file = "regex-2026.2.28-cp311-cp311-manylinux2014_aarch64.manylinux_2_17_aarch64.manylinux_2_28_aarch64.whl", hash = "sha256:7c1b34dfa72f826f535b20712afa9bb3ba580020e834f3c69866c5bddbf10098"},
    {file = "regex-2026.2.28-cp311-cp311-manylinux2014_ppc64le.manylinux_2_17_ppc64le.manylinux_2_28_ppc64le.whl", hash = "sha256:851fa70df44325e1e4cdb79c5e676e91a78147b1b543db2aec8734d2add30ec2"},
    {file = "regex-2026.2.28-cp311-cp311-manylinux2014_s390x.manylinux_2_17_s390x.manylinux_2_28_s390x.whl", hash = "sha256:516604edd17b1c2c3e579cf4e9b25a53bf8fa6e7cedddf1127804d3e0140ca64"},
    {file = "regex-2026.2.28-cp311-cp311-manylinux2014_x86_64.manylinux_2_17_x86_64.manylinux_2_28_x86_64.whl", hash = "sha256:e7ce83654d1ab701cb619285a18a8e5a889c1216d746ddc710c914ca5fd71022"},
    {file = "regex-2026.2.28-cp311-cp311-manylinux_2_31_riscv64.manylinux_2_39_riscv64.whl", hash = "sha256:f2791948f7c70bb9335a9102df45e93d428f4b8128020d85920223925d73b9e1"},
    {file = "regex-2026.2.28-cp311-cp311-musllinux_1_2_aarch64.whl", hash = "sha256:03a83cc26aa2acda6b8b9dfe748cf9e84cbd390c424a1de34fdcef58961a297a"},
    {file = "regex-2026.2.28-cp311-cp311-musllinux_1_2_ppc64le.whl", hash = "sha256:ec6f5674c5dc836994f50f1186dd1fafde4be0666aae201ae2fcc3d29d8adf27"},
    {file = "regex-2026.2.28-cp311-cp311-musllinux_1_2_riscv64.whl", hash = "sha256:50c2fc924749543e0eacc93ada6aeeb3ea5f6715825624baa0dccaec771668ae"},
    {file = "regex-2026.2.28-cp311-cp311-musllinux_1_2_s390x.whl", hash = "sha256:ba55c50f408fb5c346a3a02d2ce0ebc839784e24f7c9684fde328ff063c3cdea"},
    {file = "regex-2026.2.28-cp311-cp311-musllinux_1_2_x86_64.whl", hash = "sha256:edb1b1b3a5576c56f08ac46f108c40333f222ebfd5cf63afdfa3aab0791ebe5b"},
    {file = "regex-2026.2.28-cp311-cp311-win32.whl", hash = "sha256:948c12ef30ecedb128903c2c2678b339746eb7c689c5c21957c4a23950c96d15"},
    {file = "regex-2026.2.28-cp311-cp311-win_amd64.whl", hash = "sha256:fd63453f10d29097cc3dc62d070746523973fb5aa1c66d25f8558bebd47fed61"},
    {file = "regex-2026.2.28-cp311-cp311-win_arm64.whl", hash = "sha256:00f2b8d9615aa165fdff0a13f1a92049bfad555ee91e20d246a51aa0b556c60a"},
    {file = "regex-2026.2.28-cp312-cp312-macosx_10_13_universal2.whl", hash = "sha256:fcf26c3c6d0da98fada8ae4ef0aa1c3405a431c0a77eb17306d38a89b02adcd7"},
    {file = "regex-2026.2.28-cp312-cp312-macosx_10_13_x86_64.whl", hash = "sha256:02473c954af35dd2defeb07e44182f5705b30ea3f351a7cbffa9177beb14da5d"},
    {file = "regex-2026.2.28-cp312-cp312-macosx_11_0_arm64.whl", hash = "sha256:9b65d33a17101569f86d9c5966a8b1d7fbf8afdda5a8aa219301b0a80f58cf7d"},
    {file = "regex-2026.2.28-cp312-cp312-manylinux2014_aarch64.manylinux_2_17_aarch64.manylinux_2_28_aarch64.whl", hash = "sha256:e71dcecaa113eebcc96622c17692672c2d104b1d71ddf7adeda90da7ddeb26fc"},
    {file = "regex-2026.2.28-cp312-cp312-manylinux2014_ppc64le.manylinux_2_17_ppc64le.manylinux_2_28_ppc64le.whl", hash = "sha256:481df4623fa4969c8b11f3433ed7d5e3dc9cec0f008356c3212b3933fb77e3d8"},
    {file = "regex-2026.2.28-cp312-cp312-manylinux2014_s390x.manylinux_2_17_s390x.manylinux_2_28_s390x.whl", hash = "sha256:64e7c6ad614573e0640f271e811a408d79a9e1fe62a46adb602f598df42a818d"},
    {file = "regex-2026.2.28-cp312-cp312-manylinux2014_x86_64.manylinux_2_17_x86_64.manylinux_2_28_x86_64.whl", hash = "sha256:d6b08a06976ff4fb0d83077022fde3eca06c55432bb997d8c0495b9a4e9872f4"},
    {file = "regex-2026.2.28-cp312-cp312-manylinux_2_31_riscv64.manylinux_2_39_riscv64.whl", hash = "sha256:864cdd1a2ef5716b0ab468af40139e62ede1b3a53386b375ec0786bb6783fc05"},
    {file = "regex-2026.2.28-cp312-cp312-musllinux_1_2_aarch64.whl", hash = "sha256:511f7419f7afab475fd4d639d4aedfc54205bcb0800066753ef68a59f0f330b5"},
    {file = "regex-2026.2.28-cp312-cp312-musllinux_1_2_ppc64le.whl", hash = "sha256:b42f7466e32bf15a961cf09f35fa6323cc72e64d3d2c990b10de1274a5da0a59"},
    {file = "regex-2026.2.28-cp312-cp312-musllinux_1_2_riscv64.whl", hash = "sha256:8710d61737b0c0ce6836b1da7109f20d495e49b3809f30e27e9560be67a257bf"},
    {file = "regex-2026.2.28-cp312-cp312-musllinux_1_2_s390x.whl", hash = "sha256:4390c365fd2d45278f45afd4673cb90f7285f5701607e3ad4274df08e36140ae"},
    {file = "regex-2026.2.28-cp312-cp312-musllinux_1_2_x86_64.whl", hash = "sha256:cb3b1db8ff6c7b8bf838ab05583ea15230cb2f678e569ab0e3a24d1e8320940b"},
    {file = "regex-2026.2.28-cp312-cp312-win32.whl", hash = "sha256:f8ed9a5d4612df9d4de15878f0bc6aa7a268afbe5af21a3fdd97fa19516e978c"},
    {file = "regex-2026.2.28-cp312-cp312-win_amd64.whl", hash = "sha256:01d65fd24206c8e1e97e2e31b286c59009636c022eb5d003f52760b0f42155d4"},
    {file = "regex-2026.2.28-cp312-cp312-win_arm64.whl", hash = "sha256:c0b5ccbb8ffb433939d248707d4a8b31993cb76ab1a0187ca886bf50e96df952"},
    {file = "regex-2026.2.28-cp313-cp313-macosx_10_13_universal2.whl", hash = "sha256:6d63a07e5ec8ce7184452cb00c41c37b49e67dc4f73b2955b5b8e782ea970784"},
    {file = "regex-2026.2.28-cp313-cp313-macosx_10_13_x86_64.whl", hash = "sha256:e59bc8f30414d283ae8ee1617b13d8112e7135cb92830f0ec3688cb29152585a"},
    {file = "regex-2026.2.28-cp313-cp313-macosx_11_0_arm64.whl", hash = "sha256:de0cf053139f96219ccfabb4a8dd2d217c8c82cb206c91d9f109f3f552d6b43d"},
    {file = "regex-2026.2.28-cp313-cp313-manylinux2014_aarch64.manylinux_2_17_aarch64.manylinux_2_28_aarch64.whl", hash = "sha256:fb4db2f17e6484904f986c5a657cec85574c76b5c5e61c7aae9ffa1bc6224f95"},
    {file = "regex-2026.2.28-cp313-cp313-manylinux2014_ppc64le.manylinux_2_17_ppc64le.manylinux_2_28_ppc64le.whl", hash = "sha256:52b017b35ac2214d0db5f4f90e303634dc44e4aba4bd6235a27f97ecbe5b0472"},
    {file = "regex-2026.2.28-cp313-cp313-manylinux2014_s390x.manylinux_2_17_s390x.manylinux_2_28_s390x.whl", hash = "sha256:69fc560ccbf08a09dc9b52ab69cacfae51e0ed80dc5693078bdc97db2f91ae96"},
    {file = "regex-2026.2.28-cp313-cp313-manylinux2014_x86_64.manylinux_2_17_x86_64.manylinux_2_28_x86_64.whl", hash = "sha256:e61eea47230eba62a31f3e8a0e3164d0f37ef9f40529fb2c79361bc6b53d2a92"},
    {file = "regex-2026.2.28-cp313-cp313-manylinux_2_31_riscv64.manylinux_2_39_riscv64.whl", hash = "sha256:4f5c0b182ad4269e7381b7c27fdb0408399881f7a92a4624fd5487f2971dfc11"},
    {file = "regex-2026.2.28-cp313-cp313-musllinux_1_2_aarch64.whl", hash = "sha256:96f6269a2882fbb0ee76967116b83679dc628e68eaea44e90884b8d53d833881"},
    {file = "regex-2026.2.28-cp313-cp313-musllinux_1_2_ppc64le.whl", hash = "sha256:b5acd4b6a95f37c3c3828e5d053a7d4edaedb85de551db0153754924cb7c83e3"},
    {file = "regex-2026.2.28-cp313-cp313-musllinux_1_2_riscv64.whl", hash = "sha256:2234059cfe33d9813a3677ef7667999caea9eeaa83fef98eb6ce15c6cf9e0215"},
    {file = "regex-2026.2.28-cp313-cp313-musllinux_1_2_s390x.whl", hash = "sha256:c15af43c72a7fb0c97cbc66fa36a43546eddc5c06a662b64a0cbf30d6ac40944"},
    {file = "regex-2026.2.28-cp313-cp313-musllinux_1_2_x86_64.whl", hash = "sha256:9185cc63359862a6e80fe97f696e04b0ad9a11c4ac0a4a927f979f611bfe3768"},
    {file = "regex-2026.2.28-cp313-cp313-win32.whl", hash = "sha256:fb66e5245db9652abd7196ace599b04d9c0e4aa7c8f0e2803938377835780081"},
    {file = "regex-2026.2.28-cp313-cp313-win_amd64.whl", hash = "sha256:71a911098be38c859ceb3f9a9ce43f4ed9f4c6720ad8684a066ea246b76ad9ff"},
    {file = "regex-2026.2.28-cp313-cp313-win_arm64.whl", hash = "sha256:39bb5727650b9a0275c6a6690f9bb3fe693a7e6cc5c3155b1240aedf8926423e"},
    {file = "regex-2026.2.28-cp313-cp313t-macosx_10_13_universal2.whl", hash = "sha256:97054c55db06ab020342cc0d35d6f62a465fa7662871190175f1ad6c655c028f"},
    {file = "regex-2026.2.28-cp313-cp313t-macosx_10_13_x86_64.whl", hash = "sha256:0d25a10811de831c2baa6aef3c0be91622f44dd8d31dd12e69f6398efb15e48b"},
    {file = "regex-2026.2.28-cp313-cp313t-macosx_11_0_arm64.whl", hash = "sha256:d6cfe798d8da41bb1862ed6e0cba14003d387c3c0c4a5d45591076ae9f0ce2f8"},
    {file = "regex-2026.2.28-cp313-cp313t-manylinux2014_aarch64.manylinux_2_17_aarch64.manylinux_2_28_aarch64.whl", hash = "sha256:fd0ce43e71d825b7c0661f9c54d4d74bd97c56c3fd102a8985bcfea48236bacb"},
    {file = "regex-2026.2.28-cp313-cp313t-manylinux2014_ppc64le.manylinux_2_17_ppc64le.manylinux_2_28_ppc64le.whl", hash = "sha256:00945d007fd74a9084d2ab79b695b595c6b7ba3698972fadd43e23230c6979c1"},
    {file = "regex-2026.2.28-cp313-cp313t-manylinux2014_s390x.manylinux_2_17_s390x.manylinux_2_28_s390x.whl", hash = "sha256:bec23c11cbbf09a4df32fe50d57cbdd777bc442269b6e39a1775654f1c95dee2"},
    {file = "regex-2026.2.28-cp313-cp313t-manylinux2014_x86_64.manylinux_2_17_x86_64.manylinux_2_28_x86_64.whl", hash = "sha256:5cdcc17d935c8f9d3f4db5c2ebe2640c332e3822ad5d23c2f8e0228e6947943a"},
    {file = "regex-2026.2.28-cp313-cp313t-manylinux_2_31_riscv64.manylinux_2_39_riscv64.whl", hash = "sha256:a448af01e3d8031c89c5d902040b124a5e921a25c4e5e07a861ca591ce429341"},
    {file = "regex-2026.2.28-cp313-cp313t-musllinux_1_2_aarch64.whl", hash = "sha256:10d28e19bd4888e4abf43bd3925f3c134c52fdf7259219003588a42e24c2aa25"},
    {file = "regex-2026.2.28-cp313-cp313t-musllinux_1_2_ppc64le.whl", hash = "sha256:99985a2c277dcb9ccb63f937451af5d65177af1efdeb8173ac55b61095a0a05c"},
    {file = "regex-2026.2.28-cp313-cp313t-musllinux_1_2_riscv64.whl", hash = "sha256:e1e7b24cb3ae9953a560c563045d1ba56ee4749fbd05cf21ba571069bd7be81b"},
    {file = "regex-2026.2.28-cp313-cp313t-musllinux_1_2_s390x.whl", hash = "sha256:d8511a01d0e4ee1992eb3ba19e09bc1866fe03f05129c3aec3fdc4cbc77aad3f"},
    {file = "regex-2026.2.28-cp313-cp313t-musllinux_1_2_x86_64.whl", hash = "sha256:aaffaecffcd2479ce87aa1e74076c221700b7c804e48e98e62500ee748f0f550"},
    {file = "regex-2026.2.28-cp313-cp313t-win32.whl", hash = "sha256:ef77bdde9c9eba3f7fa5b58084b29bbcc74bcf55fdbeaa67c102a35b5bd7e7cc"},
    {file = "regex-2026.2.28-cp313-cp313t-win_amd64.whl", hash = "sha256:98adf340100cbe6fbaf8e6dc75e28f2c191b1be50ffefe292fb0e6f6eefdb0d8"},
    {file = "regex-2026.2.28-cp313-cp313t-win_arm64.whl", hash = "sha256:2fb950ac1d88e6b6a9414381f403797b236f9fa17e1eee07683af72b1634207b"},
    {file = "regex-2026.2.28-cp314-cp314-macosx_10_13_universal2.whl", hash = "sha256:78454178c7df31372ea737996fb7f36b3c2c92cccc641d251e072478afb4babc"},
    {file = "regex-2026.2.28-cp314-cp314-macosx_10_13_x86_64.whl", hash = "sha256:5d10303dd18cedfd4d095543998404df656088240bcfd3cd20a8f95b861f74bd"},
    {file = "regex-2026.2.28-cp314-cp314-macosx_11_0_arm64.whl", hash = "sha256:19a9c9e0a8f24f39d575a6a854d516b48ffe4cbdcb9de55cb0570a032556ecff"},
    {file = "regex-2026.2.28-cp314-cp314-manylinux2014_aarch64.manylinux_2_17_aarch64.manylinux_2_28_aarch64.whl", hash = "sha256:09500be324f49b470d907b3ef8af9afe857f5cca486f853853f7945ddbf75911"},
    {file = "regex-2026.2.28-cp314-cp314-manylinux2014_ppc64le.manylinux_2_17_ppc64le.manylinux_2_28_ppc64le.whl", hash = "sha256:fb1c4ff62277d87a7335f2c1ea4e0387b8f2b3ad88a64efd9943906aafad4f33"},
    {file = "regex-2026.2.28-cp314-cp314-manylinux2014_s390x.manylinux_2_17_s390x.manylinux_2_28_s390x.whl", hash = "sha256:b8b3f1be1738feadc69f62daa250c933e85c6f34fa378f54a7ff43807c1b9117"},
    {file = "regex-2026.2.28-cp314-cp314-manylinux2014_x86_64.manylinux_2_17_x86_64.manylinux_2_28_x86_64.whl", hash = "sha256:dc8ed8c3f41c27acb83f7b6a9eb727a73fc6663441890c5cb3426a5f6a91ce7d"},
    {file = "regex-2026.2.28-cp314-cp314-manylinux_2_31_riscv64.manylinux_2_39_riscv64.whl", hash = "sha256:fa539be029844c0ce1114762d2952ab6cfdd7c7c9bd72e0db26b94c3c36dcc5a"},
    {file = "regex-2026.2.28-cp314-cp314-musllinux_1_2_aarch64.whl", hash = "sha256:7900157786428a79615a8264dac1f12c9b02957c473c8110c6b1f972dcecaddf"},
    {file = "regex-2026.2.28-cp314-cp314-musllinux_1_2_ppc64le.whl", hash = "sha256:0b1d2b07614d95fa2bf8a63fd1e98bd8fa2b4848dc91b1efbc8ba219fdd73952"},
    {file = "regex-2026.2.28-cp314-cp314-musllinux_1_2_riscv64.whl", hash = "sha256:b389c61aa28a79c2e0527ac36da579869c2e235a5b208a12c5b5318cda2501d8"},
    {file = "regex-2026.2.28-cp314-cp314-musllinux_1_2_s390x.whl", hash = "sha256:f467cb602f03fbd1ab1908f68b53c649ce393fde056628dc8c7e634dab6bfc07"},
    {file = "regex-2026.2.28-cp314-cp314-musllinux_1_2_x86_64.whl", hash = "sha256:e8c8cb2deba42f5ec1ede46374e990f8adc5e6456a57ac1a261b19be6f28e4e6"},
    {file = "regex-2026.2.28-cp314-cp314-win32.whl", hash = "sha256:9036b400b20e4858d56d117108d7813ed07bb7803e3eed766675862131135ca6"},
    {file = "regex-2026.2.28-cp314-cp314-win_amd64.whl", hash = "sha256:1d367257cd86c1cbb97ea94e77b373a0bbc2224976e247f173d19e8f18b4afa7"},
    {file = "regex-2026.2.28-cp314-cp314-win_arm64.whl", hash = "sha256:5e68192bb3a1d6fb2836da24aa494e413ea65853a21505e142e5b1064a595f3d"},
    {file = "regex-2026.2.28-cp314-cp314t-macosx_10_13_universal2.whl", hash = "sha256:a5dac14d0872eeb35260a8e30bac07ddf22adc1e3a0635b52b02e180d17c9c7e"},
    {file = "regex-2026.2.28-cp314-cp314t-macosx_10_13_x86_64.whl", hash = "sha256:ec0c608b7a7465ffadb344ed7c987ff2f11ee03f6a130b569aa74d8a70e8333c"},
    {file = "regex-2026.2.28-cp314-cp314t-macosx_11_0_arm64.whl", hash = "sha256:c7815afb0ca45456613fdaf60ea9c993715511c8d53a83bc468305cbc0ee23c7"},
    {file = "regex-2026.2.28-cp314-cp314t-manylinux2014_aarch64.manylinux_2_17_aarch64.manylinux_2_28_aarch64.whl", hash = "sha256:b059e71ec363968671693a78c5053bd9cb2fe410f9b8e4657e88377ebd603a2e"},
    {file = "regex-2026.2.28-cp314-cp314t-manylinux2014_ppc64le.manylinux_2_17_ppc64le.manylinux_2_28_ppc64le.whl", hash = "sha256:b8cf76f1a29f0e99dcfd7aef1551a9827588aae5a737fe31442021165f1920dc"},
    {file = "regex-2026.2.28-cp314-cp314t-manylinux2014_s390x.manylinux_2_17_s390x.manylinux_2_28_s390x.whl", hash = "sha256:180e08a435a0319e6a4821c3468da18dc7001987e1c17ae1335488dfe7518dd8"},
    {file = "regex-2026.2.28-cp314-cp314t-manylinux2014_x86_64.manylinux_2_17_x86_64.manylinux_2_28_x86_64.whl", hash = "sha256:1e496956106fd59ba6322a8ea17141a27c5040e5ee8f9433ae92d4e5204462a0"},
    {file = "regex-2026.2.28-cp314-cp314t-manylinux_2_31_riscv64.manylinux_2_39_riscv64.whl", hash = "sha256:bba2b18d70eeb7b79950f12f633beeecd923f7c9ad6f6bae28e59b4cb3ab046b"},
    {file = "regex-2026.2.28-cp314-cp314t-musllinux_1_2_aarch64.whl", hash = "sha256:6db7bfae0f8a2793ff1f7021468ea55e2699d0790eb58ee6ab36ae43aa00bc5b"},
    {file = "regex-2026.2.28-cp314-cp314t-musllinux_1_2_ppc64le.whl", hash = "sha256:d0b02e8b7e5874b48ae0f077ecca61c1a6a9f9895e9c6dfb191b55b242862033"},
    {file = "regex-2026.2.28-cp314-cp314t-musllinux_1_2_riscv64.whl", hash = "sha256:25b6eb660c5cf4b8c3407a1ed462abba26a926cc9965e164268a3267bcc06a43"},
    {file = "regex-2026.2.28-cp314-cp314t-musllinux_1_2_s390x.whl", hash = "sha256:5a932ea8ad5d0430351ff9c76c8db34db0d9f53c1d78f06022a21f4e290c5c18"},
    {file = "regex-2026.2.28-cp314-cp314t-musllinux_1_2_x86_64.whl", hash = "sha256:1c2c95e1a2b0f89d01e821ff4de1be4b5d73d1f4b0bf679fa27c1ad8d2327f1a"},
    {file = "regex-2026.2.28-cp314-cp314t-win32.whl", hash = "sha256:bbb882061f742eb5d46f2f1bd5304055be0a66b783576de3d7eef1bed4778a6e"},
    {file = "regex-2026.2.28-cp314-cp314t-win_amd64.whl", hash = "sha256:6591f281cb44dc13de9585b552cec6fc6cf47fb2fe7a48892295ee9bc4a612f9"},
    {file = "regex-2026.2.28-cp314-cp314t-win_arm64.whl", hash = "sha256:dee50f1be42222f89767b64b283283ef963189da0dda4a515aa54a5563c62dec"},
    {file = "regex-2026.2.28.tar.gz", hash = "sha256:a729e47d418ea11d03469f321aaf67cdee8954cde3ff2cf8403ab87951ad10f2"},
]

[[package]]
name = "six"
version = "1.17.0"
description = "Python 2 and 3 compatibility utilities"
optional = false
python-versions = "!=3.0.*,!=3.1.*,!=3.2.*,>=2.7"
groups = ["main"]
files = [
    {file = "six-1.17.0-py2.py3-none-any.whl", hash = "sha256:4721f391ed90541fddacab5acf947aa0d3dc7d27b2e1e8eda2be8970586c3274"},
    {file = "six-1.17.0.tar.gz", hash = "sha256:ff70335d468e7eb6ec65b95b99d3a2836546063f63acc5171de367e834932a81"},
]

[[package]]
name = "sqlparse"
version = "0.5.5"
description = "A non-validating SQL parser."
optional = false
python-versions = ">=3.8"
groups = ["main"]
files = [
    {file = "sqlparse-0.5.5-py3-none-any.whl", hash = "sha256:12a08b3bf3eec877c519589833aed092e2444e68240a3577e8e26148acc7b1ba"},
    {file = "sqlparse-0.5.5.tar.gz", hash = "sha256:e20d4a9b0b8585fdf63b10d30066c7c94c5d7a7ec47c889a2d83a3caa93ff28e"},
]

[package.extras]
dev = ["build"]
doc = ["sphinx"]

[[package]]
name = "tqdm"
version = "4.67.3"
description = "Fast, Extensible Progress Meter"
optional = false
python-versions = ">=3.7"
groups = ["main"]
files = [
    {file = "tqdm-4.67.3-py3-none-any.whl", hash = "sha256:ee1e4c0e59148062281c49d80b25b67771a127c85fc9676d3be5f243206826bf"},
    {file = "tqdm-4.67.3.tar.gz", hash = "sha256:7d825f03f89244ef73f1d4ce193cb1774a8179fd96f31d7e1dcde62092b960bb"},
]

[package.dependencies]
colorama = {version = "*", markers = "platform_system == \"Windows\""}

[package.extras]
dev = ["nbval", "pytest (>=6)", "pytest-asyncio (>=0.24)", "pytest-cov", "pytest-timeout"]
discord = ["requests"]
notebook = ["ipywidgets (>=6)"]
slack = ["slack-sdk"]
telegram = ["requests"]

[[package]]
name = "tzdata"
version = "2025.3"
description = "Provider of IANA time zone data"
optional = false
python-versions = ">=2"
groups = ["main"]
markers = "sys_platform == \"win32\""
files = [
    {file = "tzdata-2025.3-py2.py3-none-any.whl", hash = "sha256:06a47e5700f3081aab02b2e513160914ff0694bce9947d6b76ebd6bf57cfc5d1"},
    {file = "tzdata-2025.3.tar.gz", hash = "sha256:de39c2ca5dc7b0344f2eba86f49d614019d29f060fc4ebc8a417896a620b56a7"},
]

[metadata]
lock-version = "2.1"
python-versions = ">=3.13,<3.15"
content-hash = "2e37f7e435471ec1f66b128ae6a66d965a21c6077198e21fb582692fe86d9c75"
